{
  "version": 4,
  "terraform_version": "1.12.1",
  "serial": 29,
  "lineage": "8ae97c89-c79a-ba76-8a9d-13601f8c0b65",
  "outputs": {
    "gke_cluster_endpoint": {
      "value": "35.198.204.42",
      "type": "string",
      "sensitive": true
    },
    "gke_cluster_name": {
      "value": "simple-cluster",
      "type": "string"
    },
    "kubeconfig_command": {
      "value": "gcloud container clusters get-credentials simple-cluster --region asia-southeast1-a --project alpine-figure-461007-i9",
      "type": "string"
    }
  },
  "resources": [
    {
      "mode": "managed",
      "type": "google_container_cluster",
      "name": "primary",
      "provider": "provider[\"registry.terraform.io/hashicorp/google\"]",
      "instances": [
        {
          "schema_version": 2,
          "attributes": {
            "addons_config": [
              {
                "cloudrun_config": [],
                "config_connector_config": [],
                "dns_cache_config": [],
                "gce_persistent_disk_csi_driver_config": [
                  {
                    "enabled": true
                  }
                ],
                "gcp_filestore_csi_driver_config": [],
                "gcs_fuse_csi_driver_config": [],
                "gke_backup_agent_config": [],
                "horizontal_pod_autoscaling": [],
                "http_load_balancing": [],
                "network_policy_config": [
                  {
                    "disabled": true
                  }
                ],
                "ray_operator_config": [],
                "stateful_ha_config": []
              }
            ],
            "allow_net_admin": null,
            "authenticator_groups_config": [],
            "binary_authorization": [
              {
                "enabled": false,
                "evaluation_mode": ""
              }
            ],
            "cluster_autoscaling": [
              {
                "auto_provisioning_defaults": [],
                "auto_provisioning_locations": [],
                "autoscaling_profile": "BALANCED",
                "enabled": false,
                "resource_limits": []
              }
            ],
            "cluster_ipv4_cidr": "10.80.0.0/14",
            "confidential_nodes": [],
            "cost_management_config": [],
            "database_encryption": [
              {
                "key_name": "",
                "state": "DECRYPTED"
              }
            ],
            "datapath_provider": "",
            "default_max_pods_per_node": 110,
            "default_snat_status": [
              {
                "disabled": false
              }
            ],
            "deletion_protection": true,
            "description": "",
            "dns_config": [],
            "enable_autopilot": false,
            "enable_cilium_clusterwide_network_policy": false,
            "enable_intranode_visibility": false,
            "enable_k8s_beta_apis": [],
            "enable_kubernetes_alpha": false,
            "enable_l4_ilb_subsetting": false,
            "enable_legacy_abac": false,
            "enable_multi_networking": false,
            "enable_shielded_nodes": true,
            "enable_tpu": false,
            "endpoint": "35.198.204.42",
            "fleet": [],
            "gateway_api_config": [],
            "id": "projects/alpine-figure-461007-i9/locations/asia-southeast1-a/clusters/simple-cluster",
            "identity_service_config": [],
            "initial_node_count": 1,
            "ip_allocation_policy": [
              {
                "additional_pod_ranges_config": [],
                "cluster_ipv4_cidr_block": "10.80.0.0/14",
                "cluster_secondary_range_name": "gke-simple-cluster-pods-96d7cc8f",
                "pod_cidr_overprovision_config": [
                  {
                    "disabled": false
                  }
                ],
                "services_ipv4_cidr_block": "34.118.224.0/20",
                "services_secondary_range_name": "",
                "stack_type": "IPV4"
              }
            ],
            "label_fingerprint": "a9dc16a7",
            "location": "asia-southeast1-a",
            "logging_config": [
              {
                "enable_components": [
                  "SYSTEM_COMPONENTS",
                  "WORKLOADS"
                ]
              }
            ],
            "logging_service": "logging.googleapis.com/kubernetes",
            "maintenance_policy": [],
            "master_auth": [
              {
                "client_certificate": "",
                "client_certificate_config": [
                  {
                    "issue_client_certificate": false
                  }
                ],
                "client_key": "",
                "cluster_ca_certificate": "LS0tLS1CRUdJTiBDRVJUSUZJQ0FURS0tLS0tCk1JSUVMRENDQXBTZ0F3SUJBZ0lRVjd0RXRmRXdoVkxYKzlHY2tpU2JaREFOQmdrcWhraUc5dzBCQVFzRkFEQXYKTVMwd0t3WURWUVFERXlRME1USTBPRFU1WVMwek5XRmhMVFEwTkdFdFlUazFNUzFpT0dVeU1HVTVOemRtTmpndwpJQmNOTWpVd05qRTNNak16TmpNeVdoZ1BNakExTlRBMk1URXdNRE0yTXpKYU1DOHhMVEFyQmdOVkJBTVRKRFF4Ck1qUTROVGxoTFRNMVlXRXRORFEwWVMxaE9UVXhMV0k0WlRJd1pUazNOMlkyT0RDQ0FhSXdEUVlKS29aSWh2Y04KQVFFQkJRQURnZ0dQQURDQ0FZb0NnZ0dCQUxqaW5OWGpGeHdDRDRPR3cvNlpmVjI4T0NlS09RZmV2UEI1UkN3aQozNmtzZHRaMW1zVHdkc2s4b21tTGVPS2l6U3dQSSsvNHNpSFdpOVR6cVVMakdVWTU1TFBObmFINWN5Nmd2aDAzCmhwdWlDVExQQWh5dkxVR3ZucVdGRDAreGQ0ZTQya05lNmRLTHAwTU5lTXAzQmRXTzBOenJFcDV1S2FycStESnMKMi9iTzhjaXlKSTdjYnViajMwa010YS9vdUlXdERRMXUrVEx3NFZnNU9UL2VmZE9PZVZXS2ljYWxDRGZzRFQ0SApPYU5Ra3Q5ekg5SENVcW1uSnRqcVdkaXI5TkRqak1SN2MyZ2FhZWk4aVNzN2FadmdwbGRoYUJWYjRlTEZ3UHROCktxNEx6UHJKSVNxRHJFK054aVFmNHJNYm9oNmxlWUJGWHZjU0hHNjAxNEUxbGlkSWlmQWdmTDRCOTZrK2dLdDYKdzkzbHY5RGg1M1dzbm5Bazl3amdWM2hpOHUvWjc1WmNxQ0RBWmM1RkJRMzF2c3FIUFg5RUh2Kzkza2d0ZVJGNgpHQUp0MkxIV3dQUTg2cGMvR0tkVzJYR3J4VnRta1Z5aDlpa1FCcldDaWxkVm9BYXRjelBHUllEWUJtWVdSYkVPCnN4YU9YdVdBSEFiWDdlRmZHNTRKVEdGeWJRSURBUUFCbzBJd1FEQU9CZ05WSFE4QkFmOEVCQU1DQWdRd0R3WUQKVlIwVEFRSC9CQVV3QXdFQi96QWRCZ05WSFE0RUZnUVVJdzNmYWUyWXI1ekkyR05MenhCWkRvSXY1UkV3RFFZSgpLb1pJaHZjTkFRRUxCUUFEZ2dHQkFFK1RPSVVqUXpJSVk5VXRsOCtwZ0hDN1krdFF4aGxVb0pIVWh5TlNBVnNRClpPRzJ6VjlaU3cvMWtuQ2JvQ1Naa3NtQjNXMEM0VngwY01oZTBISzVyVzlZRmZSaFpST09xR2pVMG02ZGFtUk0KZ2JhblVQRk1EOGNydmtDazR3bldHcXd6eWZISVVJR25BYXJFTGZWVkxZKzJXdHp0Q01Sdm53UFM1aW4xVzdkTApUbUlEZmZtUFIzWHMyMkpGeGI0L3ZEOTB6dnFhZXE5SSs5Z2ZhaFUveDN3V2F6bnFYVy9ScWJNZ1FYZ1kwTWY1CkZkb0gvMVV4MktuOEE5SDgzekY4TnZuK2VYaDBNZDdsQ3NSQTNleS9GMEpBVzllYlZWdUlBeFZyME8rK3ZVMG4KMnlTRnpmbUVONXpMcGRzeDBvclBENnpIcVhyS01ML2swZTd5cWFvU01FYlZ4eFZXbDFYdFRPMlJEM1ZLdldJVgpuV1l0QmRHZThQellQSnFrRHZvYlFEZzNJZm0zYWU1N1l1SmpWTGFoUmc4YmdXbWpxVC9CK2R6VU1YblJneHEzCmo3dTNwRDBIS0ZJbEx3My8rZ1FCVyt0a2ZTSFBOT3AzV2FKaldoVHVjbjJzVm5vNXpxM3FEeUF4YTI4bTNDbTQKKzF2QU1zT09TR0FROHlRdHhnelJmUT09Ci0tLS0tRU5EIENFUlRJRklDQVRFLS0tLS0K"
              }
            ],
            "master_authorized_networks_config": [],
            "master_version": "1.32.4-gke.1353003",
            "mesh_certificates": [],
            "min_master_version": null,
            "monitoring_config": [
              {
                "advanced_datapath_observability_config": [
                  {
                    "enable_metrics": false,
                    "enable_relay": false,
                    "relay_mode": "DISABLED"
                  }
                ],
                "enable_components": [
                  "SYSTEM_COMPONENTS",
                  "STORAGE",
                  "HPA",
                  "POD",
                  "DAEMONSET",
                  "DEPLOYMENT",
                  "STATEFULSET",
                  "JOBSET",
                  "CADVISOR",
                  "KUBELET",
                  "DCGM"
                ],
                "managed_prometheus": [
                  {
                    "enabled": true
                  }
                ]
              }
            ],
            "monitoring_service": "monitoring.googleapis.com/kubernetes",
            "name": "simple-cluster",
            "network": "projects/alpine-figure-461007-i9/global/networks/default",
            "network_policy": [
              {
                "enabled": false,
                "provider": "PROVIDER_UNSPECIFIED"
              }
            ],
            "networking_mode": "VPC_NATIVE",
            "node_config": [
              {
                "advanced_machine_features": [],
                "boot_disk_kms_key": "",
                "confidential_nodes": [],
                "containerd_config": [],
                "disk_size_gb": 100,
                "disk_type": "pd-balanced",
                "effective_taints": [],
                "enable_confidential_storage": false,
                "ephemeral_storage_local_ssd_config": [],
                "fast_socket": [],
                "gcfs_config": [],
                "guest_accelerator": [],
                "gvnic": [],
                "host_maintenance_policy": [],
                "image_type": "COS_CONTAINERD",
                "kubelet_config": [
                  {
                    "cpu_cfs_quota": false,
                    "cpu_cfs_quota_period": "",
                    "cpu_manager_policy": "",
                    "insecure_kubelet_readonly_port_enabled": "FALSE",
                    "pod_pids_limit": 0
                  }
                ],
                "labels": {},
                "linux_node_config": [],
                "local_nvme_ssd_block_config": [],
                "local_ssd_count": 0,
                "logging_variant": "DEFAULT",
                "machine_type": "e2-standard-2",
                "metadata": {
                  "disable-legacy-endpoints": "true"
                },
                "min_cpu_platform": "",
                "node_group": "",
                "oauth_scopes": [
                  "https://www.googleapis.com/auth/cloud-platform"
                ],
                "preemptible": false,
                "reservation_affinity": [],
                "resource_labels": {
                  "goog-gke-node-pool-provisioning-model": "on-demand"
                },
                "resource_manager_tags": {},
                "secondary_boot_disks": [],
                "service_account": "gke-node-sa@alpine-figure-461007-i9.iam.gserviceaccount.com",
                "shielded_instance_config": [
                  {
                    "enable_integrity_monitoring": true,
                    "enable_secure_boot": false
                  }
                ],
                "sole_tenant_config": [],
                "spot": false,
                "tags": [],
                "taint": [],
                "workload_metadata_config": [
                  {
                    "mode": "GKE_METADATA"
                  }
                ]
              }
            ],
            "node_locations": [],
            "node_pool": [
              {
                "autoscaling": [
                  {
                    "location_policy": "BALANCED",
                    "max_node_count": 3,
                    "min_node_count": 1,
                    "total_max_node_count": 0,
                    "total_min_node_count": 0
                  }
                ],
                "initial_node_count": 0,
                "instance_group_urls": [
                  "https://www.googleapis.com/compute/v1/projects/alpine-figure-461007-i9/zones/asia-southeast1-a/instanceGroupManagers/gke-simple-cluster-simple-cluster-nod-70768b02-grp"
                ],
                "managed_instance_group_urls": [
                  "https://www.googleapis.com/compute/v1/projects/alpine-figure-461007-i9/zones/asia-southeast1-a/instanceGroups/gke-simple-cluster-simple-cluster-nod-70768b02-grp"
                ],
                "management": [
                  {
                    "auto_repair": true,
                    "auto_upgrade": true
                  }
                ],
                "max_pods_per_node": 110,
                "name": "simple-cluster-node-pool",
                "name_prefix": "",
                "network_config": [
                  {
                    "additional_node_network_configs": [],
                    "additional_pod_network_configs": [],
                    "create_pod_range": false,
                    "enable_private_nodes": false,
                    "network_performance_config": [],
                    "pod_cidr_overprovision_config": [],
                    "pod_ipv4_cidr_block": "10.80.0.0/14",
                    "pod_range": "gke-simple-cluster-pods-96d7cc8f"
                  }
                ],
                "node_config": [
                  {
                    "advanced_machine_features": [],
                    "boot_disk_kms_key": "",
                    "confidential_nodes": [],
                    "containerd_config": [],
                    "disk_size_gb": 100,
                    "disk_type": "pd-balanced",
                    "effective_taints": [],
                    "enable_confidential_storage": false,
                    "ephemeral_storage_local_ssd_config": [],
                    "fast_socket": [],
                    "gcfs_config": [],
                    "guest_accelerator": [],
                    "gvnic": [],
                    "host_maintenance_policy": [],
                    "image_type": "COS_CONTAINERD",
                    "kubelet_config": [
                      {
                        "cpu_cfs_quota": false,
                        "cpu_cfs_quota_period": "",
                        "cpu_manager_policy": "",
                        "insecure_kubelet_readonly_port_enabled": "FALSE",
                        "pod_pids_limit": 0
                      }
                    ],
                    "labels": {},
                    "linux_node_config": [],
                    "local_nvme_ssd_block_config": [],
                    "local_ssd_count": 0,
                    "logging_variant": "DEFAULT",
                    "machine_type": "e2-standard-2",
                    "metadata": {
                      "disable-legacy-endpoints": "true"
                    },
                    "min_cpu_platform": "",
                    "node_group": "",
                    "oauth_scopes": [
                      "https://www.googleapis.com/auth/cloud-platform"
                    ],
                    "preemptible": false,
                    "reservation_affinity": [],
                    "resource_labels": {
                      "goog-gke-node-pool-provisioning-model": "on-demand"
                    },
                    "resource_manager_tags": {},
                    "secondary_boot_disks": [],
                    "service_account": "gke-node-sa@alpine-figure-461007-i9.iam.gserviceaccount.com",
                    "shielded_instance_config": [
                      {
                        "enable_integrity_monitoring": true,
                        "enable_secure_boot": false
                      }
                    ],
                    "sole_tenant_config": [],
                    "spot": false,
                    "tags": [],
                    "taint": [],
                    "workload_metadata_config": [
                      {
                        "mode": "GKE_METADATA"
                      }
                    ]
                  }
                ],
                "node_count": 0,
                "node_locations": [
                  "asia-southeast1-a"
                ],
                "placement_policy": [],
                "queued_provisioning": [],
                "upgrade_settings": [
                  {
                    "blue_green_settings": [],
                    "max_surge": 1,
                    "max_unavailable": 0,
                    "strategy": "SURGE"
                  }
                ],
                "version": "1.32.4-gke.1353003"
              }
            ],
            "node_pool_auto_config": [
              {
                "network_tags": [],
                "node_kubelet_config": [
                  {
                    "insecure_kubelet_readonly_port_enabled": "FALSE"
                  }
                ],
                "resource_manager_tags": {}
              }
            ],
            "node_pool_defaults": [
              {
                "node_config_defaults": [
                  {
                    "containerd_config": [],
                    "insecure_kubelet_readonly_port_enabled": "FALSE",
                    "logging_variant": "DEFAULT"
                  }
                ]
              }
            ],
            "node_version": "1.32.4-gke.1353003",
            "notification_config": [
              {
                "pubsub": [
                  {
                    "enabled": false,
                    "filter": [],
                    "topic": ""
                  }
                ]
              }
            ],
            "operation": null,
            "private_cluster_config": [
              {
                "enable_private_endpoint": false,
                "enable_private_nodes": false,
                "master_global_access_config": [
                  {
                    "enabled": false
                  }
                ],
                "master_ipv4_cidr_block": "",
                "peering_name": "",
                "private_endpoint": "10.148.0.39",
                "private_endpoint_subnetwork": "",
                "public_endpoint": "35.198.204.42"
              }
            ],
            "private_ipv6_google_access": "",
            "project": "alpine-figure-461007-i9",
            "release_channel": [
              {
                "channel": "REGULAR"
              }
            ],
            "remove_default_node_pool": true,
            "resource_labels": {},
            "resource_usage_export_config": [],
            "security_posture_config": [
              {
                "mode": "BASIC",
                "vulnerability_mode": "VULNERABILITY_MODE_UNSPECIFIED"
              }
            ],
            "self_link": "https://container.googleapis.com/v1/projects/alpine-figure-461007-i9/zones/asia-southeast1-a/clusters/simple-cluster",
            "service_external_ips_config": [
              {
                "enabled": false
              }
            ],
            "services_ipv4_cidr": "34.118.224.0/20",
            "subnetwork": "projects/alpine-figure-461007-i9/regions/asia-southeast1/subnetworks/default",
            "timeouts": null,
            "tpu_ipv4_cidr_block": "",
            "vertical_pod_autoscaling": [],
            "workload_identity_config": [
              {
                "workload_pool": "alpine-figure-461007-i9.svc.id.goog"
              }
            ]
          },
          "sensitive_attributes": [
            [
              {
                "type": "get_attr",
                "value": "master_auth"
              },
              {
                "type": "index",
                "value": {
                  "value": 0,
                  "type": "number"
                }
              },
              {
                "type": "get_attr",
                "value": "client_key"
              }
            ]
          ],
          "identity_schema_version": 0,
          "private": "eyJlMmJmYjczMC1lY2FhLTExZTYtOGY4OC0zNDM2M2JjN2M0YzAiOnsiY3JlYXRlIjoyNDAwMDAwMDAwMDAwLCJkZWxldGUiOjI0MDAwMDAwMDAwMDAsInJlYWQiOjI0MDAwMDAwMDAwMDAsInVwZGF0ZSI6MzYwMDAwMDAwMDAwMH0sInNjaGVtYV92ZXJzaW9uIjoiMiJ9"
        }
      ]
    },
    {
      "mode": "managed",
      "type": "google_container_node_pool",
      "name": "primary_nodes",
      "provider": "provider[\"registry.terraform.io/hashicorp/google\"]",
      "instances": [
        {
          "schema_version": 1,
          "attributes": {
            "autoscaling": [
              {
                "location_policy": "BALANCED",
                "max_node_count": 3,
                "min_node_count": 1,
                "total_max_node_count": 0,
                "total_min_node_count": 0
              }
            ],
            "cluster": "simple-cluster",
            "id": "projects/alpine-figure-461007-i9/locations/asia-southeast1-a/clusters/simple-cluster/nodePools/simple-cluster-node-pool",
            "initial_node_count": 0,
            "instance_group_urls": [
              "https://www.googleapis.com/compute/v1/projects/alpine-figure-461007-i9/zones/asia-southeast1-a/instanceGroupManagers/gke-simple-cluster-simple-cluster-nod-70768b02-grp"
            ],
            "location": "asia-southeast1-a",
            "managed_instance_group_urls": [
              "https://www.googleapis.com/compute/v1/projects/alpine-figure-461007-i9/zones/asia-southeast1-a/instanceGroups/gke-simple-cluster-simple-cluster-nod-70768b02-grp"
            ],
            "management": [
              {
                "auto_repair": true,
                "auto_upgrade": true
              }
            ],
            "max_pods_per_node": 110,
            "name": "simple-cluster-node-pool",
            "name_prefix": "",
            "network_config": [
              {
                "additional_node_network_configs": [],
                "additional_pod_network_configs": [],
                "create_pod_range": false,
                "enable_private_nodes": false,
                "network_performance_config": [],
                "pod_cidr_overprovision_config": [],
                "pod_ipv4_cidr_block": "10.80.0.0/14",
                "pod_range": "gke-simple-cluster-pods-96d7cc8f"
              }
            ],
            "node_config": [
              {
                "advanced_machine_features": [],
                "boot_disk_kms_key": "",
                "confidential_nodes": [],
                "containerd_config": [],
                "disk_size_gb": 100,
                "disk_type": "pd-balanced",
                "effective_taints": [],
                "enable_confidential_storage": false,
                "ephemeral_storage_local_ssd_config": [],
                "fast_socket": [],
                "gcfs_config": [],
                "guest_accelerator": [],
                "gvnic": [],
                "host_maintenance_policy": [],
                "image_type": "COS_CONTAINERD",
                "kubelet_config": [
                  {
                    "cpu_cfs_quota": false,
                    "cpu_cfs_quota_period": "",
                    "cpu_manager_policy": "",
                    "insecure_kubelet_readonly_port_enabled": "FALSE",
                    "pod_pids_limit": 0
                  }
                ],
                "labels": {},
                "linux_node_config": [],
                "local_nvme_ssd_block_config": [],
                "local_ssd_count": 0,
                "logging_variant": "DEFAULT",
                "machine_type": "e2-standard-2",
                "metadata": {
                  "disable-legacy-endpoints": "true"
                },
                "min_cpu_platform": "",
                "node_group": "",
                "oauth_scopes": [
                  "https://www.googleapis.com/auth/cloud-platform"
                ],
                "preemptible": false,
                "reservation_affinity": [],
                "resource_labels": {
                  "goog-gke-node-pool-provisioning-model": "on-demand"
                },
                "resource_manager_tags": {},
                "secondary_boot_disks": [],
                "service_account": "gke-node-sa@alpine-figure-461007-i9.iam.gserviceaccount.com",
                "shielded_instance_config": [
                  {
                    "enable_integrity_monitoring": true,
                    "enable_secure_boot": false
                  }
                ],
                "sole_tenant_config": [],
                "spot": false,
                "tags": [],
                "taint": [],
                "workload_metadata_config": [
                  {
                    "mode": "GKE_METADATA"
                  }
                ]
              }
            ],
            "node_count": 0,
            "node_locations": [
              "asia-southeast1-a"
            ],
            "operation": null,
            "placement_policy": [],
            "project": "alpine-figure-461007-i9",
            "queued_provisioning": [],
            "timeouts": null,
            "upgrade_settings": [
              {
                "blue_green_settings": [],
                "max_surge": 1,
                "max_unavailable": 0,
                "strategy": "SURGE"
              }
            ],
            "version": "1.32.4-gke.1353003"
          },
          "sensitive_attributes": [],
          "identity_schema_version": 0,
          "private": "eyJlMmJmYjczMC1lY2FhLTExZTYtOGY4OC0zNDM2M2JjN2M0YzAiOnsiY3JlYXRlIjoxODAwMDAwMDAwMDAwLCJkZWxldGUiOjE4MDAwMDAwMDAwMDAsInVwZGF0ZSI6MTgwMDAwMDAwMDAwMH0sInNjaGVtYV92ZXJzaW9uIjoiMSJ9",
          "dependencies": [
            "google_container_cluster.primary",
            "google_service_account.gke_node_sa"
          ]
        }
      ]
    },
    {
      "mode": "managed",
      "type": "google_project_iam_member",
      "name": "airflow_sa_cloudsql_client",
      "provider": "provider[\"registry.terraform.io/hashicorp/google\"]",
      "instances": [
        {
          "schema_version": 0,
          "attributes": {
            "condition": [],
            "etag": "BwY3tIdF3aU=",
            "id": "alpine-figure-461007-i9/roles/cloudsql.client/serviceAccount:airflow-sa-crawl2insight@alpine-figure-461007-i9.iam.gserviceaccount.com",
            "member": "serviceAccount:airflow-sa-crawl2insight@alpine-figure-461007-i9.iam.gserviceaccount.com",
            "project": "alpine-figure-461007-i9",
            "role": "roles/cloudsql.client"
          },
          "sensitive_attributes": [],
          "identity_schema_version": 0,
          "private": "bnVsbA==",
          "dependencies": [
            "google_service_account.airflow_sa"
          ]
        }
      ]
    },
    {
      "mode": "managed",
      "type": "google_project_iam_member",
      "name": "airflow_sa_storage_admin",
      "provider": "provider[\"registry.terraform.io/hashicorp/google\"]",
      "instances": [
        {
          "schema_version": 0,
          "attributes": {
            "condition": [],
            "etag": "BwY3tIdF3aU=",
            "id": "alpine-figure-461007-i9/roles/storage.objectAdmin/serviceAccount:airflow-sa-crawl2insight@alpine-figure-461007-i9.iam.gserviceaccount.com",
            "member": "serviceAccount:airflow-sa-crawl2insight@alpine-figure-461007-i9.iam.gserviceaccount.com",
            "project": "alpine-figure-461007-i9",
            "role": "roles/storage.objectAdmin"
          },
          "sensitive_attributes": [],
          "identity_schema_version": 0,
          "private": "bnVsbA==",
          "dependencies": [
            "google_service_account.airflow_sa"
          ]
        }
      ]
    },
    {
      "mode": "managed",
      "type": "google_project_iam_member",
      "name": "fastapi_sa_cloudsql_client",
      "provider": "provider[\"registry.terraform.io/hashicorp/google\"]",
      "instances": [
        {
          "schema_version": 0,
          "attributes": {
            "condition": [],
            "etag": "BwY3tIdF3aU=",
            "id": "alpine-figure-461007-i9/roles/cloudsql.client/serviceAccount:fastapi-app-sa-crawl2insight@alpine-figure-461007-i9.iam.gserviceaccount.com",
            "member": "serviceAccount:fastapi-app-sa-crawl2insight@alpine-figure-461007-i9.iam.gserviceaccount.com",
            "project": "alpine-figure-461007-i9",
            "role": "roles/cloudsql.client"
          },
          "sensitive_attributes": [],
          "identity_schema_version": 0,
          "private": "bnVsbA==",
          "dependencies": [
            "google_service_account.fastapi_app_sa"
          ]
        }
      ]
    },
    {
      "mode": "managed",
      "type": "google_project_iam_member",
      "name": "gke_sa_artifact_registry",
      "provider": "provider[\"registry.terraform.io/hashicorp/google\"]",
      "instances": [
        {
          "schema_version": 0,
          "attributes": {
            "condition": [],
            "etag": "BwY3tIdF3aU=",
            "id": "alpine-figure-461007-i9/roles/artifactregistry.reader/serviceAccount:gke-node-sa@alpine-figure-461007-i9.iam.gserviceaccount.com",
            "member": "serviceAccount:gke-node-sa@alpine-figure-461007-i9.iam.gserviceaccount.com",
            "project": "alpine-figure-461007-i9",
            "role": "roles/artifactregistry.reader"
          },
          "sensitive_attributes": [],
          "identity_schema_version": 0,
          "private": "bnVsbA==",
          "dependencies": [
            "google_service_account.gke_node_sa"
          ]
        }
      ]
    },
    {
      "mode": "managed",
      "type": "google_project_iam_member",
      "name": "gke_sa_logging",
      "provider": "provider[\"registry.terraform.io/hashicorp/google\"]",
      "instances": [
        {
          "schema_version": 0,
          "attributes": {
            "condition": [],
            "etag": "BwY3tIdF3aU=",
            "id": "alpine-figure-461007-i9/roles/logging.logWriter/serviceAccount:gke-node-sa@alpine-figure-461007-i9.iam.gserviceaccount.com",
            "member": "serviceAccount:gke-node-sa@alpine-figure-461007-i9.iam.gserviceaccount.com",
            "project": "alpine-figure-461007-i9",
            "role": "roles/logging.logWriter"
          },
          "sensitive_attributes": [],
          "identity_schema_version": 0,
          "private": "bnVsbA==",
          "dependencies": [
            "google_service_account.gke_node_sa"
          ]
        }
      ]
    },
    {
      "mode": "managed",
      "type": "google_project_iam_member",
      "name": "gke_sa_monitoring",
      "provider": "provider[\"registry.terraform.io/hashicorp/google\"]",
      "instances": [
        {
          "schema_version": 0,
          "attributes": {
            "condition": [],
            "etag": "BwY3tIdF3aU=",
            "id": "alpine-figure-461007-i9/roles/monitoring.metricWriter/serviceAccount:gke-node-sa@alpine-figure-461007-i9.iam.gserviceaccount.com",
            "member": "serviceAccount:gke-node-sa@alpine-figure-461007-i9.iam.gserviceaccount.com",
            "project": "alpine-figure-461007-i9",
            "role": "roles/monitoring.metricWriter"
          },
          "sensitive_attributes": [],
          "identity_schema_version": 0,
          "private": "bnVsbA==",
          "dependencies": [
            "google_service_account.gke_node_sa"
          ]
        }
      ]
    },
    {
      "mode": "managed",
      "type": "google_service_account",
      "name": "airflow_sa",
      "provider": "provider[\"registry.terraform.io/hashicorp/google\"]",
      "instances": [
        {
          "schema_version": 0,
          "attributes": {
            "account_id": "airflow-sa-crawl2insight",
            "create_ignore_already_exists": null,
            "description": "",
            "disabled": false,
            "display_name": "Service Account for Airflow",
            "email": "airflow-sa-crawl2insight@alpine-figure-461007-i9.iam.gserviceaccount.com",
            "id": "projects/alpine-figure-461007-i9/serviceAccounts/airflow-sa-crawl2insight@alpine-figure-461007-i9.iam.gserviceaccount.com",
            "member": "serviceAccount:airflow-sa-crawl2insight@alpine-figure-461007-i9.iam.gserviceaccount.com",
            "name": "projects/alpine-figure-461007-i9/serviceAccounts/airflow-sa-crawl2insight@alpine-figure-461007-i9.iam.gserviceaccount.com",
            "project": "alpine-figure-461007-i9",
            "timeouts": null,
            "unique_id": "111720576436141685073"
          },
          "sensitive_attributes": [],
          "identity_schema_version": 0,
          "private": "eyJlMmJmYjczMC1lY2FhLTExZTYtOGY4OC0zNDM2M2JjN2M0YzAiOnsiY3JlYXRlIjozMDAwMDAwMDAwMDB9fQ=="
        }
      ]
    },
    {
      "mode": "managed",
      "type": "google_service_account",
      "name": "fastapi_app_sa",
      "provider": "provider[\"registry.terraform.io/hashicorp/google\"]",
      "instances": [
        {
          "schema_version": 0,
          "attributes": {
            "account_id": "fastapi-app-sa-crawl2insight",
            "create_ignore_already_exists": null,
            "description": "",
            "disabled": false,
            "display_name": "Service Account for FastAPI Backend Application",
            "email": "fastapi-app-sa-crawl2insight@alpine-figure-461007-i9.iam.gserviceaccount.com",
            "id": "projects/alpine-figure-461007-i9/serviceAccounts/fastapi-app-sa-crawl2insight@alpine-figure-461007-i9.iam.gserviceaccount.com",
            "member": "serviceAccount:fastapi-app-sa-crawl2insight@alpine-figure-461007-i9.iam.gserviceaccount.com",
            "name": "projects/alpine-figure-461007-i9/serviceAccounts/fastapi-app-sa-crawl2insight@alpine-figure-461007-i9.iam.gserviceaccount.com",
            "project": "alpine-figure-461007-i9",
            "timeouts": null,
            "unique_id": "102042625157140825741"
          },
          "sensitive_attributes": [],
          "identity_schema_version": 0,
          "private": "eyJlMmJmYjczMC1lY2FhLTExZTYtOGY4OC0zNDM2M2JjN2M0YzAiOnsiY3JlYXRlIjozMDAwMDAwMDAwMDB9fQ=="
        }
      ]
    },
    {
      "mode": "managed",
      "type": "google_service_account",
      "name": "gke_node_sa",
      "provider": "provider[\"registry.terraform.io/hashicorp/google\"]",
      "instances": [
        {
          "schema_version": 0,
          "attributes": {
            "account_id": "gke-node-sa",
            "create_ignore_already_exists": null,
            "description": "",
            "disabled": false,
            "display_name": "Service Account for Crawl2Insight GKE Nodes",
            "email": "gke-node-sa@alpine-figure-461007-i9.iam.gserviceaccount.com",
            "id": "projects/alpine-figure-461007-i9/serviceAccounts/gke-node-sa@alpine-figure-461007-i9.iam.gserviceaccount.com",
            "member": "serviceAccount:gke-node-sa@alpine-figure-461007-i9.iam.gserviceaccount.com",
            "name": "projects/alpine-figure-461007-i9/serviceAccounts/gke-node-sa@alpine-figure-461007-i9.iam.gserviceaccount.com",
            "project": "alpine-figure-461007-i9",
            "timeouts": null,
            "unique_id": "101043925260060475141"
          },
          "sensitive_attributes": [],
          "identity_schema_version": 0,
          "private": "eyJlMmJmYjczMC1lY2FhLTExZTYtOGY4OC0zNDM2M2JjN2M0YzAiOnsiY3JlYXRlIjozMDAwMDAwMDAwMDB9fQ=="
        }
      ]
    },
    {
      "mode": "managed",
      "type": "google_service_account_iam_member",
      "name": "airflow_workload_binding",
      "provider": "provider[\"registry.terraform.io/hashicorp/google\"]",
      "instances": [
        {
          "schema_version": 0,
          "attributes": {
            "condition": [],
            "etag": "BwY3z4MLcFM=",
            "id": "projects/alpine-figure-461007-i9/serviceAccounts/airflow-sa-crawl2insight@alpine-figure-461007-i9.iam.gserviceaccount.com/roles/iam.workloadIdentityUser/serviceAccount:alpine-figure-461007-i9.svc.id.goog[airflow/airflow-ksa]",
            "member": "serviceAccount:alpine-figure-461007-i9.svc.id.goog[airflow/airflow-ksa]",
            "role": "roles/iam.workloadIdentityUser",
            "service_account_id": "projects/alpine-figure-461007-i9/serviceAccounts/airflow-sa-crawl2insight@alpine-figure-461007-i9.iam.gserviceaccount.com"
          },
          "sensitive_attributes": [],
          "identity_schema_version": 0,
          "private": "bnVsbA==",
          "dependencies": [
            "google_service_account.airflow_sa"
          ]
        }
      ]
    },
    {
      "mode": "managed",
      "type": "google_service_account_iam_member",
      "name": "fastapi_workload_binding",
      "provider": "provider[\"registry.terraform.io/hashicorp/google\"]",
      "instances": [
        {
          "schema_version": 0,
          "attributes": {
            "condition": [],
            "etag": "BwY3tIcKkxs=",
            "id": "projects/alpine-figure-461007-i9/serviceAccounts/fastapi-app-sa-crawl2insight@alpine-figure-461007-i9.iam.gserviceaccount.com/roles/iam.workloadIdentityUser/serviceAccount:alpine-figure-461007-i9.svc.id.goog[application/fastapi-backend-ksa]",
            "member": "serviceAccount:alpine-figure-461007-i9.svc.id.goog[application/fastapi-backend-ksa]",
            "role": "roles/iam.workloadIdentityUser",
            "service_account_id": "projects/alpine-figure-461007-i9/serviceAccounts/fastapi-app-sa-crawl2insight@alpine-figure-461007-i9.iam.gserviceaccount.com"
          },
          "sensitive_attributes": [],
          "identity_schema_version": 0,
          "private": "bnVsbA==",
          "dependencies": [
            "google_service_account.fastapi_app_sa"
          ]
        }
      ]
    },
    {
      "mode": "managed",
      "type": "google_storage_bucket_iam_member",
      "name": "airflow_log_access",
      "provider": "provider[\"registry.terraform.io/hashicorp/google\"]",
      "instances": [
        {
          "schema_version": 0,
          "attributes": {
            "bucket": "b/airflow-logs-tinhnv-gke",
            "condition": [],
            "etag": "CAU=",
            "id": "b/airflow-logs-tinhnv-gke/roles/storage.objectAdmin/serviceAccount:airflow-sa-crawl2insight@alpine-figure-461007-i9.iam.gserviceaccount.com",
            "member": "serviceAccount:airflow-sa-crawl2insight@alpine-figure-461007-i9.iam.gserviceaccount.com",
            "role": "roles/storage.objectAdmin"
          },
          "sensitive_attributes": [],
          "identity_schema_version": 0,
          "private": "bnVsbA==",
          "dependencies": [
            "google_service_account.airflow_sa"
          ]
        }
      ]
    }
  ],
  "check_results": null
}
