{
  "version": 4,
  "terraform_version": "1.12.1",
  "serial": 48,
  "lineage": "d9739762-5dce-97a4-4d72-e5ac037b70e8",
  "outputs": {
    "gke_cluster_endpoint": {
      "value": "34.143.162.103",
      "type": "string",
      "sensitive": true
    },
    "gke_cluster_name": {
      "value": "simple-cluster",
      "type": "string"
    },
    "kubeconfig_command": {
      "value": "gcloud container clusters get-credentials simple-cluster --region asia-southeast1-a --project alpine-figure-461007-i9",
      "type": "string"
    }
  },
  "resources": [
    {
      "mode": "data",
      "type": "google_client_config",
      "name": "default",
      "provider": "provider[\"registry.terraform.io/hashicorp/google\"]",
      "instances": [
        {
          "schema_version": 0,
          "attributes": {
            "access_token": "ya29.a0AW4XtxgtgCk_oIY0a-PsSI9txCAla6nOBG_Ef0SKUi1iT4GP94cGfn7YAgTb3BJl1cUBxp9OoHswDJBcVg1orXLKP3QwgFSSCTCMvcBYMW7czKdfBHvw9zmD2jqNUjTEfWP1GvUMzXltpSHO6IPdIQ3g9EI_JfP7_-LV5J8PWgaCgYKAaMSARMSFQHGX2MiWKJumJYe8AB_6iAhW8hYFA0177",
            "default_labels": null,
            "id": "projects/\"alpine-figure-461007-i9\"/regions/\"asia-southeast1\"/zones/\u003cnull\u003e",
            "project": "alpine-figure-461007-i9",
            "region": "asia-southeast1",
            "zone": null
          },
          "sensitive_attributes": [
            [
              {
                "type": "get_attr",
                "value": "access_token"
              }
            ]
          ],
          "identity_schema_version": 0
        }
      ]
    },
    {
      "mode": "data",
      "type": "google_container_cluster",
      "name": "primary",
      "provider": "provider[\"registry.terraform.io/hashicorp/google\"]",
      "instances": [
        {
          "schema_version": 0,
          "attributes": {
            "addons_config": [
              {
                "cloudrun_config": [],
                "config_connector_config": [],
                "dns_cache_config": [],
                "gce_persistent_disk_csi_driver_config": [
                  {
                    "enabled": true
                  }
                ],
                "gcp_filestore_csi_driver_config": [],
                "gcs_fuse_csi_driver_config": [],
                "gke_backup_agent_config": [],
                "horizontal_pod_autoscaling": [],
                "http_load_balancing": [],
                "network_policy_config": [
                  {
                    "disabled": true
                  }
                ],
                "ray_operator_config": [],
                "stateful_ha_config": []
              }
            ],
            "allow_net_admin": null,
            "authenticator_groups_config": [],
            "binary_authorization": [
              {
                "enabled": false,
                "evaluation_mode": ""
              }
            ],
            "cluster_autoscaling": [
              {
                "auto_provisioning_defaults": [],
                "auto_provisioning_locations": [],
                "autoscaling_profile": "BALANCED",
                "enabled": false,
                "resource_limits": []
              }
            ],
            "cluster_ipv4_cidr": "10.40.0.0/14",
            "confidential_nodes": [],
            "cost_management_config": [],
            "database_encryption": [
              {
                "key_name": "",
                "state": "DECRYPTED"
              }
            ],
            "datapath_provider": "",
            "default_max_pods_per_node": 110,
            "default_snat_status": [
              {
                "disabled": false
              }
            ],
            "deletion_protection": null,
            "description": "",
            "dns_config": [],
            "enable_autopilot": false,
            "enable_cilium_clusterwide_network_policy": false,
            "enable_intranode_visibility": false,
            "enable_k8s_beta_apis": [],
            "enable_kubernetes_alpha": false,
            "enable_l4_ilb_subsetting": false,
            "enable_legacy_abac": false,
            "enable_multi_networking": false,
            "enable_shielded_nodes": true,
            "enable_tpu": false,
            "endpoint": "34.143.162.103",
            "fleet": [],
            "gateway_api_config": [],
            "id": "projects/alpine-figure-461007-i9/locations/asia-southeast1-a/clusters/simple-cluster",
            "identity_service_config": [],
            "initial_node_count": 1,
            "ip_allocation_policy": [
              {
                "additional_pod_ranges_config": [],
                "cluster_ipv4_cidr_block": "10.40.0.0/14",
                "cluster_secondary_range_name": "gke-simple-cluster-pods-cd41f7a0",
                "pod_cidr_overprovision_config": [
                  {
                    "disabled": false
                  }
                ],
                "services_ipv4_cidr_block": "34.118.224.0/20",
                "services_secondary_range_name": "",
                "stack_type": "IPV4"
              }
            ],
            "label_fingerprint": "a9dc16a7",
            "location": "asia-southeast1-a",
            "logging_config": [
              {
                "enable_components": [
                  "SYSTEM_COMPONENTS",
                  "WORKLOADS"
                ]
              }
            ],
            "logging_service": "logging.googleapis.com/kubernetes",
            "maintenance_policy": [],
            "master_auth": [
              {
                "client_certificate": "",
                "client_certificate_config": [
                  {
                    "issue_client_certificate": false
                  }
                ],
                "client_key": "",
                "cluster_ca_certificate": "LS0tLS1CRUdJTiBDRVJUSUZJQ0FURS0tLS0tCk1JSUVLekNDQXBPZ0F3SUJBZ0lQZkY2ZDFzdU1pOGFJU0VEQlh1SG9NQTBHQ1NxR1NJYjNEUUVCQ3dVQU1DOHgKTFRBckJnTlZCQU1USkRCbU9UUXlNR0U1TFRSaE1tWXRORE15WkMwNFpHWXhMVEF4TmpVeU9EZG1OR1UwT0RBZwpGdzB5TlRBMk1Ua3lNekl5TURsYUdBOHlNRFUxTURZeE16QXdNakl3T1Zvd0x6RXRNQ3NHQTFVRUF4TWtNR1k1Ck5ESXdZVGt0TkdFeVppMDBNekprTFRoa1pqRXRNREUyTlRJNE4yWTBaVFE0TUlJQm9qQU5CZ2txaGtpRzl3MEIKQVFFRkFBT0NBWThBTUlJQmlnS0NBWUVBbFdoQkhPVXJndWEvNW53NStIQzBVeVFCejRaS2VVR2p2a3IrSmJRVgpTcXJKczlwRlpOVXhYL1F3QjNjM1dManpGREd2bSthMHk1bDdqWmdaSmJYSWZVc0xyZ1QycVVwUmh6QnZOVG5LCllrcTB5OHhsdkRiUlMxTFh4RytzRVJBWWxxeUdlRVloVHk0bUJIMUxWODNoUXNWdVRZZU9pUDBzNHc4bzRIR3UKUC9hRTM0NnFlbGNJZ01pK0wxY09VM3ZZbmIzelVJbFFDd0IxUUdnOWpCSURwcUptRzNwbER6SWxyT1JVOXhqSApxeXdpazBUaFhtZ2tkYU0ydUxwZ0R1Z2gvdTlWRHp0NTlaK3BpNGZkN21VSjN3Y2lLemNYSUNUOTZUSEZHNlNMClhqV3NoMnNBWFlCM2J5RmVXVlNJVDBaZ0xhM0xUOUg2UkdjSW1WQndyUTdVclowZ0NvNTZYVWttNTRPdmlWWVAKQS9GajloSEZpczhsWGJwT0YwYjJ0QnJMb1ZjQWlIaERUWGpIcjRkcnp2a21RTytBMmtoY0NlUmZ6OFl5eHp1SwpyaElzV2U5T09QbWxLdzNYMU5hdC9rODdCZVB4UzBKTVRyMlV0OSsyNDBFZWRTS3lMREMreE1FcUhkLzVDK2dPCmx3RmNhS0ZMWWNjemh1eFdZWW94VUw0dkFnTUJBQUdqUWpCQU1BNEdBMVVkRHdFQi93UUVBd0lDQkRBUEJnTlYKSFJNQkFmOEVCVEFEQVFIL01CMEdBMVVkRGdRV0JCVExGYW0yMCthYmFrTElIRzBidGdSY3E3dG9MakFOQmdrcQpoa2lHOXcwQkFRc0ZBQU9DQVlFQVFtM2tYZzJjNGdmV1daWmF1c1ltUldUNkpoL09aRVRTTzhiMkVrbXp4SE9MCmN5ZEoxYmx6cFRLOWp2UkVvdThrcllEbHZLUnlMV2N3NzdsM1gxUUVDNGJMbGhCd2RYNjJFRGIrRkJIcVI1UWgKVksvdmVxejNVUUZmcnVNYXVWbkR4OEVRWDJBMWFlU2Z0a0FBaXhkd2ZSTHRtcXV4S2RIbVQyVTkzZmd0T2xsSgpTVU1ncnUxbHVoV3VPaWx6UFhZOUxmbHY0Y0hHT2dyYjVlWnVTMmhQN0lvd0hHYjlZd1NMMWw1WTlvaTUybVJQCmdpYmw1bzMrc3ZpeVRWOVVKT1VhamcyYlV0cGw5ZGg2VjBaVHhvY2thLzMydzVJRTgyV1M0cTJXM1JjTk44MmYKWmxPcEZBdTNWd3psYWc1QUlGQVpzTGt6SXpTeFhIYmVqZnl6WXp1MlVmNjdWcVZzd3RITk1zNkVtb0pwZXNFcgptbDFQaTFIa1YxazhiS3RsUkJ3VExTSDRVdGtjRGJRS0ZFVkh2M2VEaXhNOFpVdkJqNHhJWWZVWE1zQzZjY1NICmk0SGI2L2VIRkpFamVxcEdJWmR5SjN6VzNtQ3FYSzdEZjF1d3BkNFdpVHg5VmFCOFRZMTd4VHdRNHk0U3lHVWIKV0hLQmJJZHdweGR5TnJOK0xaQ3oKLS0tLS1FTkQgQ0VSVElGSUNBVEUtLS0tLQo="
              }
            ],
            "master_authorized_networks_config": [],
            "master_version": "1.32.4-gke.1353003",
            "mesh_certificates": [],
            "min_master_version": null,
            "monitoring_config": [
              {
                "advanced_datapath_observability_config": [
                  {
                    "enable_metrics": false,
                    "enable_relay": false,
                    "relay_mode": "DISABLED"
                  }
                ],
                "enable_components": [
                  "SYSTEM_COMPONENTS",
                  "DAEMONSET",
                  "DEPLOYMENT",
                  "STATEFULSET",
                  "JOBSET",
                  "STORAGE",
                  "HPA",
                  "POD",
                  "CADVISOR",
                  "KUBELET",
                  "DCGM"
                ],
                "managed_prometheus": [
                  {
                    "enabled": true
                  }
                ]
              }
            ],
            "monitoring_service": "monitoring.googleapis.com/kubernetes",
            "name": "simple-cluster",
            "network": "projects/alpine-figure-461007-i9/global/networks/default",
            "network_policy": [
              {
                "enabled": false,
                "provider": "PROVIDER_UNSPECIFIED"
              }
            ],
            "networking_mode": "VPC_NATIVE",
            "node_config": [
              {
                "advanced_machine_features": [],
                "boot_disk_kms_key": "",
                "confidential_nodes": [],
                "containerd_config": [],
                "disk_size_gb": 100,
                "disk_type": "pd-balanced",
                "effective_taints": [],
                "enable_confidential_storage": false,
                "ephemeral_storage_local_ssd_config": [],
                "fast_socket": [],
                "gcfs_config": [],
                "guest_accelerator": [],
                "gvnic": [],
                "host_maintenance_policy": [],
                "image_type": "COS_CONTAINERD",
                "kubelet_config": [
                  {
                    "cpu_cfs_quota": false,
                    "cpu_cfs_quota_period": "",
                    "cpu_manager_policy": "",
                    "insecure_kubelet_readonly_port_enabled": "FALSE",
                    "pod_pids_limit": 0
                  }
                ],
                "labels": {},
                "linux_node_config": [],
                "local_nvme_ssd_block_config": [],
                "local_ssd_count": 0,
                "logging_variant": "DEFAULT",
                "machine_type": "e2-standard-2",
                "metadata": {
                  "disable-legacy-endpoints": "true"
                },
                "min_cpu_platform": "",
                "node_group": "",
                "oauth_scopes": [
                  "https://www.googleapis.com/auth/cloud-platform"
                ],
                "preemptible": false,
                "reservation_affinity": [],
                "resource_labels": {
                  "goog-gke-node-pool-provisioning-model": "on-demand"
                },
                "resource_manager_tags": {},
                "secondary_boot_disks": [],
                "service_account": "gke-node-sa@alpine-figure-461007-i9.iam.gserviceaccount.com",
                "shielded_instance_config": [
                  {
                    "enable_integrity_monitoring": true,
                    "enable_secure_boot": false
                  }
                ],
                "sole_tenant_config": [],
                "spot": false,
                "tags": [],
                "taint": [],
                "workload_metadata_config": [
                  {
                    "mode": "GKE_METADATA"
                  }
                ]
              }
            ],
            "node_locations": [],
            "node_pool": [
              {
                "autoscaling": [
                  {
                    "location_policy": "BALANCED",
                    "max_node_count": 3,
                    "min_node_count": 1,
                    "total_max_node_count": 0,
                    "total_min_node_count": 0
                  }
                ],
                "initial_node_count": 0,
                "instance_group_urls": [
                  "https://www.googleapis.com/compute/v1/projects/alpine-figure-461007-i9/zones/asia-southeast1-a/instanceGroupManagers/gke-simple-cluster-simple-cluster-nod-6dcf9468-grp"
                ],
                "managed_instance_group_urls": [
                  "https://www.googleapis.com/compute/v1/projects/alpine-figure-461007-i9/zones/asia-southeast1-a/instanceGroups/gke-simple-cluster-simple-cluster-nod-6dcf9468-grp"
                ],
                "management": [
                  {
                    "auto_repair": true,
                    "auto_upgrade": true
                  }
                ],
                "max_pods_per_node": 110,
                "name": "simple-cluster-node-pool",
                "name_prefix": "",
                "network_config": [
                  {
                    "additional_node_network_configs": [],
                    "additional_pod_network_configs": [],
                    "create_pod_range": false,
                    "enable_private_nodes": false,
                    "network_performance_config": [],
                    "pod_cidr_overprovision_config": [],
                    "pod_ipv4_cidr_block": "10.40.0.0/14",
                    "pod_range": "gke-simple-cluster-pods-cd41f7a0"
                  }
                ],
                "node_config": [
                  {
                    "advanced_machine_features": [],
                    "boot_disk_kms_key": "",
                    "confidential_nodes": [],
                    "containerd_config": [],
                    "disk_size_gb": 100,
                    "disk_type": "pd-balanced",
                    "effective_taints": [],
                    "enable_confidential_storage": false,
                    "ephemeral_storage_local_ssd_config": [],
                    "fast_socket": [],
                    "gcfs_config": [],
                    "guest_accelerator": [],
                    "gvnic": [],
                    "host_maintenance_policy": [],
                    "image_type": "COS_CONTAINERD",
                    "kubelet_config": [
                      {
                        "cpu_cfs_quota": false,
                        "cpu_cfs_quota_period": "",
                        "cpu_manager_policy": "",
                        "insecure_kubelet_readonly_port_enabled": "FALSE",
                        "pod_pids_limit": 0
                      }
                    ],
                    "labels": {},
                    "linux_node_config": [],
                    "local_nvme_ssd_block_config": [],
                    "local_ssd_count": 0,
                    "logging_variant": "DEFAULT",
                    "machine_type": "e2-standard-2",
                    "metadata": {
                      "disable-legacy-endpoints": "true"
                    },
                    "min_cpu_platform": "",
                    "node_group": "",
                    "oauth_scopes": [
                      "https://www.googleapis.com/auth/cloud-platform"
                    ],
                    "preemptible": false,
                    "reservation_affinity": [],
                    "resource_labels": {
                      "goog-gke-node-pool-provisioning-model": "on-demand"
                    },
                    "resource_manager_tags": {},
                    "secondary_boot_disks": [],
                    "service_account": "gke-node-sa@alpine-figure-461007-i9.iam.gserviceaccount.com",
                    "shielded_instance_config": [
                      {
                        "enable_integrity_monitoring": true,
                        "enable_secure_boot": false
                      }
                    ],
                    "sole_tenant_config": [],
                    "spot": false,
                    "tags": [],
                    "taint": [],
                    "workload_metadata_config": [
                      {
                        "mode": "GKE_METADATA"
                      }
                    ]
                  }
                ],
                "node_count": 1,
                "node_locations": [
                  "asia-southeast1-a"
                ],
                "placement_policy": [],
                "queued_provisioning": [],
                "upgrade_settings": [
                  {
                    "blue_green_settings": [],
                    "max_surge": 1,
                    "max_unavailable": 0,
                    "strategy": "SURGE"
                  }
                ],
                "version": "1.32.4-gke.1353003"
              }
            ],
            "node_pool_auto_config": [
              {
                "network_tags": [],
                "node_kubelet_config": [
                  {
                    "insecure_kubelet_readonly_port_enabled": "FALSE"
                  }
                ],
                "resource_manager_tags": {}
              }
            ],
            "node_pool_defaults": [
              {
                "node_config_defaults": [
                  {
                    "containerd_config": [],
                    "insecure_kubelet_readonly_port_enabled": "FALSE",
                    "logging_variant": "DEFAULT"
                  }
                ]
              }
            ],
            "node_version": "1.32.4-gke.1353003",
            "notification_config": [
              {
                "pubsub": [
                  {
                    "enabled": false,
                    "filter": [],
                    "topic": ""
                  }
                ]
              }
            ],
            "operation": null,
            "private_cluster_config": [
              {
                "enable_private_endpoint": false,
                "enable_private_nodes": false,
                "master_global_access_config": [
                  {
                    "enabled": false
                  }
                ],
                "master_ipv4_cidr_block": "",
                "peering_name": "",
                "private_endpoint": "10.148.0.53",
                "private_endpoint_subnetwork": "",
                "public_endpoint": "34.143.162.103"
              }
            ],
            "private_ipv6_google_access": "",
            "project": "alpine-figure-461007-i9",
            "release_channel": [
              {
                "channel": "REGULAR"
              }
            ],
            "remove_default_node_pool": null,
            "resource_labels": {},
            "resource_usage_export_config": [],
            "security_posture_config": [
              {
                "mode": "BASIC",
                "vulnerability_mode": "VULNERABILITY_MODE_UNSPECIFIED"
              }
            ],
            "self_link": "https://container.googleapis.com/v1/projects/alpine-figure-461007-i9/zones/asia-southeast1-a/clusters/simple-cluster",
            "service_external_ips_config": [
              {
                "enabled": false
              }
            ],
            "services_ipv4_cidr": "34.118.224.0/20",
            "subnetwork": "projects/alpine-figure-461007-i9/regions/asia-southeast1/subnetworks/default",
            "tpu_ipv4_cidr_block": "",
            "vertical_pod_autoscaling": [],
            "workload_identity_config": [
              {
                "workload_pool": "alpine-figure-461007-i9.svc.id.goog"
              }
            ]
          },
          "sensitive_attributes": [],
          "identity_schema_version": 0
        }
      ]
    },
    {
      "mode": "managed",
      "type": "google_artifact_registry_repository",
      "name": "main_repo",
      "provider": "provider[\"registry.terraform.io/hashicorp/google-beta\"]",
      "instances": [
        {
          "schema_version": 0,
          "attributes": {
            "cleanup_policies": [],
            "cleanup_policy_dry_run": false,
            "create_time": "2025-06-20T00:36:18.956888Z",
            "description": "Main Docker repository for the Crawl2Insight project",
            "docker_config": [],
            "effective_labels": {
              "goog-terraform-provisioned": "true"
            },
            "format": "DOCKER",
            "id": "projects/alpine-figure-461007-i9/locations/asia-southeast1/repositories/crawl2insight-repo",
            "kms_key_name": "",
            "labels": null,
            "location": "asia-southeast1",
            "maven_config": [],
            "mode": "STANDARD_REPOSITORY",
            "name": "crawl2insight-repo",
            "project": "alpine-figure-461007-i9",
            "remote_repository_config": [],
            "repository_id": "crawl2insight-repo",
            "terraform_labels": {
              "goog-terraform-provisioned": "true"
            },
            "timeouts": null,
            "update_time": "2025-06-20T00:36:18.956888Z",
            "virtual_repository_config": [],
            "vulnerability_scanning_config": [
              {
                "enablement_config": "",
                "enablement_state": "SCANNING_DISABLED",
                "enablement_state_reason": "API containerscanning.googleapis.com is not enabled."
              }
            ]
          },
          "sensitive_attributes": [],
          "identity_schema_version": 0,
          "private": "eyJlMmJmYjczMC1lY2FhLTExZTYtOGY4OC0zNDM2M2JjN2M0YzAiOnsiY3JlYXRlIjoxMjAwMDAwMDAwMDAwLCJkZWxldGUiOjEyMDAwMDAwMDAwMDAsInVwZGF0ZSI6MTIwMDAwMDAwMDAwMH19"
        }
      ]
    },
    {
      "mode": "managed",
      "type": "google_container_cluster",
      "name": "primary",
      "provider": "provider[\"registry.terraform.io/hashicorp/google\"]",
      "instances": [
        {
          "schema_version": 2,
          "attributes": {
            "addons_config": [
              {
                "cloudrun_config": [],
                "config_connector_config": [],
                "dns_cache_config": [],
                "gce_persistent_disk_csi_driver_config": [
                  {
                    "enabled": true
                  }
                ],
                "gcp_filestore_csi_driver_config": [],
                "gcs_fuse_csi_driver_config": [],
                "gke_backup_agent_config": [],
                "horizontal_pod_autoscaling": [],
                "http_load_balancing": [],
                "network_policy_config": [
                  {
                    "disabled": true
                  }
                ],
                "ray_operator_config": [],
                "stateful_ha_config": []
              }
            ],
            "allow_net_admin": null,
            "authenticator_groups_config": [],
            "binary_authorization": [
              {
                "enabled": false,
                "evaluation_mode": ""
              }
            ],
            "cluster_autoscaling": [
              {
                "auto_provisioning_defaults": [],
                "auto_provisioning_locations": [],
                "autoscaling_profile": "BALANCED",
                "enabled": false,
                "resource_limits": []
              }
            ],
            "cluster_ipv4_cidr": "10.40.0.0/14",
            "confidential_nodes": [],
            "cost_management_config": [],
            "database_encryption": [
              {
                "key_name": "",
                "state": "DECRYPTED"
              }
            ],
            "datapath_provider": "",
            "default_max_pods_per_node": 110,
            "default_snat_status": [
              {
                "disabled": false
              }
            ],
            "deletion_protection": true,
            "description": "",
            "dns_config": [],
            "enable_autopilot": false,
            "enable_cilium_clusterwide_network_policy": false,
            "enable_intranode_visibility": false,
            "enable_k8s_beta_apis": [],
            "enable_kubernetes_alpha": false,
            "enable_l4_ilb_subsetting": false,
            "enable_legacy_abac": false,
            "enable_multi_networking": false,
            "enable_shielded_nodes": true,
            "enable_tpu": false,
            "endpoint": "34.143.162.103",
            "fleet": [],
            "gateway_api_config": [],
            "id": "projects/alpine-figure-461007-i9/locations/asia-southeast1-a/clusters/simple-cluster",
            "identity_service_config": [],
            "initial_node_count": 1,
            "ip_allocation_policy": [
              {
                "additional_pod_ranges_config": [],
                "cluster_ipv4_cidr_block": "10.40.0.0/14",
                "cluster_secondary_range_name": "gke-simple-cluster-pods-cd41f7a0",
                "pod_cidr_overprovision_config": [
                  {
                    "disabled": false
                  }
                ],
                "services_ipv4_cidr_block": "34.118.224.0/20",
                "services_secondary_range_name": "",
                "stack_type": "IPV4"
              }
            ],
            "label_fingerprint": "a9dc16a7",
            "location": "asia-southeast1-a",
            "logging_config": [
              {
                "enable_components": [
                  "SYSTEM_COMPONENTS",
                  "WORKLOADS"
                ]
              }
            ],
            "logging_service": "logging.googleapis.com/kubernetes",
            "maintenance_policy": [],
            "master_auth": [
              {
                "client_certificate": "",
                "client_certificate_config": [
                  {
                    "issue_client_certificate": false
                  }
                ],
                "client_key": "",
                "cluster_ca_certificate": "LS0tLS1CRUdJTiBDRVJUSUZJQ0FURS0tLS0tCk1JSUVLekNDQXBPZ0F3SUJBZ0lQZkY2ZDFzdU1pOGFJU0VEQlh1SG9NQTBHQ1NxR1NJYjNEUUVCQ3dVQU1DOHgKTFRBckJnTlZCQU1USkRCbU9UUXlNR0U1TFRSaE1tWXRORE15WkMwNFpHWXhMVEF4TmpVeU9EZG1OR1UwT0RBZwpGdzB5TlRBMk1Ua3lNekl5TURsYUdBOHlNRFUxTURZeE16QXdNakl3T1Zvd0x6RXRNQ3NHQTFVRUF4TWtNR1k1Ck5ESXdZVGt0TkdFeVppMDBNekprTFRoa1pqRXRNREUyTlRJNE4yWTBaVFE0TUlJQm9qQU5CZ2txaGtpRzl3MEIKQVFFRkFBT0NBWThBTUlJQmlnS0NBWUVBbFdoQkhPVXJndWEvNW53NStIQzBVeVFCejRaS2VVR2p2a3IrSmJRVgpTcXJKczlwRlpOVXhYL1F3QjNjM1dManpGREd2bSthMHk1bDdqWmdaSmJYSWZVc0xyZ1QycVVwUmh6QnZOVG5LCllrcTB5OHhsdkRiUlMxTFh4RytzRVJBWWxxeUdlRVloVHk0bUJIMUxWODNoUXNWdVRZZU9pUDBzNHc4bzRIR3UKUC9hRTM0NnFlbGNJZ01pK0wxY09VM3ZZbmIzelVJbFFDd0IxUUdnOWpCSURwcUptRzNwbER6SWxyT1JVOXhqSApxeXdpazBUaFhtZ2tkYU0ydUxwZ0R1Z2gvdTlWRHp0NTlaK3BpNGZkN21VSjN3Y2lLemNYSUNUOTZUSEZHNlNMClhqV3NoMnNBWFlCM2J5RmVXVlNJVDBaZ0xhM0xUOUg2UkdjSW1WQndyUTdVclowZ0NvNTZYVWttNTRPdmlWWVAKQS9GajloSEZpczhsWGJwT0YwYjJ0QnJMb1ZjQWlIaERUWGpIcjRkcnp2a21RTytBMmtoY0NlUmZ6OFl5eHp1SwpyaElzV2U5T09QbWxLdzNYMU5hdC9rODdCZVB4UzBKTVRyMlV0OSsyNDBFZWRTS3lMREMreE1FcUhkLzVDK2dPCmx3RmNhS0ZMWWNjemh1eFdZWW94VUw0dkFnTUJBQUdqUWpCQU1BNEdBMVVkRHdFQi93UUVBd0lDQkRBUEJnTlYKSFJNQkFmOEVCVEFEQVFIL01CMEdBMVVkRGdRV0JCVExGYW0yMCthYmFrTElIRzBidGdSY3E3dG9MakFOQmdrcQpoa2lHOXcwQkFRc0ZBQU9DQVlFQVFtM2tYZzJjNGdmV1daWmF1c1ltUldUNkpoL09aRVRTTzhiMkVrbXp4SE9MCmN5ZEoxYmx6cFRLOWp2UkVvdThrcllEbHZLUnlMV2N3NzdsM1gxUUVDNGJMbGhCd2RYNjJFRGIrRkJIcVI1UWgKVksvdmVxejNVUUZmcnVNYXVWbkR4OEVRWDJBMWFlU2Z0a0FBaXhkd2ZSTHRtcXV4S2RIbVQyVTkzZmd0T2xsSgpTVU1ncnUxbHVoV3VPaWx6UFhZOUxmbHY0Y0hHT2dyYjVlWnVTMmhQN0lvd0hHYjlZd1NMMWw1WTlvaTUybVJQCmdpYmw1bzMrc3ZpeVRWOVVKT1VhamcyYlV0cGw5ZGg2VjBaVHhvY2thLzMydzVJRTgyV1M0cTJXM1JjTk44MmYKWmxPcEZBdTNWd3psYWc1QUlGQVpzTGt6SXpTeFhIYmVqZnl6WXp1MlVmNjdWcVZzd3RITk1zNkVtb0pwZXNFcgptbDFQaTFIa1YxazhiS3RsUkJ3VExTSDRVdGtjRGJRS0ZFVkh2M2VEaXhNOFpVdkJqNHhJWWZVWE1zQzZjY1NICmk0SGI2L2VIRkpFamVxcEdJWmR5SjN6VzNtQ3FYSzdEZjF1d3BkNFdpVHg5VmFCOFRZMTd4VHdRNHk0U3lHVWIKV0hLQmJJZHdweGR5TnJOK0xaQ3oKLS0tLS1FTkQgQ0VSVElGSUNBVEUtLS0tLQo="
              }
            ],
            "master_authorized_networks_config": [],
            "master_version": "1.32.4-gke.1353003",
            "mesh_certificates": [],
            "min_master_version": null,
            "monitoring_config": [
              {
                "advanced_datapath_observability_config": [
                  {
                    "enable_metrics": false,
                    "enable_relay": false,
                    "relay_mode": "DISABLED"
                  }
                ],
                "enable_components": [
                  "SYSTEM_COMPONENTS",
                  "DAEMONSET",
                  "DEPLOYMENT",
                  "STATEFULSET",
                  "JOBSET",
                  "STORAGE",
                  "HPA",
                  "POD",
                  "CADVISOR",
                  "KUBELET",
                  "DCGM"
                ],
                "managed_prometheus": [
                  {
                    "enabled": true
                  }
                ]
              }
            ],
            "monitoring_service": "monitoring.googleapis.com/kubernetes",
            "name": "simple-cluster",
            "network": "projects/alpine-figure-461007-i9/global/networks/default",
            "network_policy": [
              {
                "enabled": false,
                "provider": "PROVIDER_UNSPECIFIED"
              }
            ],
            "networking_mode": "VPC_NATIVE",
            "node_config": [
              {
                "advanced_machine_features": [],
                "boot_disk_kms_key": "",
                "confidential_nodes": [],
                "containerd_config": [],
                "disk_size_gb": 100,
                "disk_type": "pd-balanced",
                "effective_taints": [],
                "enable_confidential_storage": false,
                "ephemeral_storage_local_ssd_config": [],
                "fast_socket": [],
                "gcfs_config": [],
                "guest_accelerator": [],
                "gvnic": [],
                "host_maintenance_policy": [],
                "image_type": "COS_CONTAINERD",
                "kubelet_config": [
                  {
                    "cpu_cfs_quota": false,
                    "cpu_cfs_quota_period": "",
                    "cpu_manager_policy": "",
                    "insecure_kubelet_readonly_port_enabled": "FALSE",
                    "pod_pids_limit": 0
                  }
                ],
                "labels": {},
                "linux_node_config": [],
                "local_nvme_ssd_block_config": [],
                "local_ssd_count": 0,
                "logging_variant": "DEFAULT",
                "machine_type": "e2-standard-2",
                "metadata": {
                  "disable-legacy-endpoints": "true"
                },
                "min_cpu_platform": "",
                "node_group": "",
                "oauth_scopes": [
                  "https://www.googleapis.com/auth/cloud-platform"
                ],
                "preemptible": false,
                "reservation_affinity": [],
                "resource_labels": {
                  "goog-gke-node-pool-provisioning-model": "on-demand"
                },
                "resource_manager_tags": {},
                "secondary_boot_disks": [],
                "service_account": "gke-node-sa@alpine-figure-461007-i9.iam.gserviceaccount.com",
                "shielded_instance_config": [
                  {
                    "enable_integrity_monitoring": true,
                    "enable_secure_boot": false
                  }
                ],
                "sole_tenant_config": [],
                "spot": false,
                "tags": [],
                "taint": [],
                "workload_metadata_config": [
                  {
                    "mode": "GKE_METADATA"
                  }
                ]
              }
            ],
            "node_locations": [],
            "node_pool": [
              {
                "autoscaling": [
                  {
                    "location_policy": "BALANCED",
                    "max_node_count": 3,
                    "min_node_count": 1,
                    "total_max_node_count": 0,
                    "total_min_node_count": 0
                  }
                ],
                "initial_node_count": 0,
                "instance_group_urls": [
                  "https://www.googleapis.com/compute/v1/projects/alpine-figure-461007-i9/zones/asia-southeast1-a/instanceGroupManagers/gke-simple-cluster-simple-cluster-nod-6dcf9468-grp"
                ],
                "managed_instance_group_urls": [
                  "https://www.googleapis.com/compute/v1/projects/alpine-figure-461007-i9/zones/asia-southeast1-a/instanceGroups/gke-simple-cluster-simple-cluster-nod-6dcf9468-grp"
                ],
                "management": [
                  {
                    "auto_repair": true,
                    "auto_upgrade": true
                  }
                ],
                "max_pods_per_node": 110,
                "name": "simple-cluster-node-pool",
                "name_prefix": "",
                "network_config": [
                  {
                    "additional_node_network_configs": [],
                    "additional_pod_network_configs": [],
                    "create_pod_range": false,
                    "enable_private_nodes": false,
                    "network_performance_config": [],
                    "pod_cidr_overprovision_config": [],
                    "pod_ipv4_cidr_block": "10.40.0.0/14",
                    "pod_range": "gke-simple-cluster-pods-cd41f7a0"
                  }
                ],
                "node_config": [
                  {
                    "advanced_machine_features": [],
                    "boot_disk_kms_key": "",
                    "confidential_nodes": [],
                    "containerd_config": [],
                    "disk_size_gb": 100,
                    "disk_type": "pd-balanced",
                    "effective_taints": [],
                    "enable_confidential_storage": false,
                    "ephemeral_storage_local_ssd_config": [],
                    "fast_socket": [],
                    "gcfs_config": [],
                    "guest_accelerator": [],
                    "gvnic": [],
                    "host_maintenance_policy": [],
                    "image_type": "COS_CONTAINERD",
                    "kubelet_config": [
                      {
                        "cpu_cfs_quota": false,
                        "cpu_cfs_quota_period": "",
                        "cpu_manager_policy": "",
                        "insecure_kubelet_readonly_port_enabled": "FALSE",
                        "pod_pids_limit": 0
                      }
                    ],
                    "labels": {},
                    "linux_node_config": [],
                    "local_nvme_ssd_block_config": [],
                    "local_ssd_count": 0,
                    "logging_variant": "DEFAULT",
                    "machine_type": "e2-standard-2",
                    "metadata": {
                      "disable-legacy-endpoints": "true"
                    },
                    "min_cpu_platform": "",
                    "node_group": "",
                    "oauth_scopes": [
                      "https://www.googleapis.com/auth/cloud-platform"
                    ],
                    "preemptible": false,
                    "reservation_affinity": [],
                    "resource_labels": {
                      "goog-gke-node-pool-provisioning-model": "on-demand"
                    },
                    "resource_manager_tags": {},
                    "secondary_boot_disks": [],
                    "service_account": "gke-node-sa@alpine-figure-461007-i9.iam.gserviceaccount.com",
                    "shielded_instance_config": [
                      {
                        "enable_integrity_monitoring": true,
                        "enable_secure_boot": false
                      }
                    ],
                    "sole_tenant_config": [],
                    "spot": false,
                    "tags": [],
                    "taint": [],
                    "workload_metadata_config": [
                      {
                        "mode": "GKE_METADATA"
                      }
                    ]
                  }
                ],
                "node_count": 1,
                "node_locations": [
                  "asia-southeast1-a"
                ],
                "placement_policy": [],
                "queued_provisioning": [],
                "upgrade_settings": [
                  {
                    "blue_green_settings": [],
                    "max_surge": 1,
                    "max_unavailable": 0,
                    "strategy": "SURGE"
                  }
                ],
                "version": "1.32.4-gke.1353003"
              }
            ],
            "node_pool_auto_config": [
              {
                "network_tags": [],
                "node_kubelet_config": [
                  {
                    "insecure_kubelet_readonly_port_enabled": "FALSE"
                  }
                ],
                "resource_manager_tags": {}
              }
            ],
            "node_pool_defaults": [
              {
                "node_config_defaults": [
                  {
                    "containerd_config": [],
                    "insecure_kubelet_readonly_port_enabled": "FALSE",
                    "logging_variant": "DEFAULT"
                  }
                ]
              }
            ],
            "node_version": "1.32.4-gke.1353003",
            "notification_config": [
              {
                "pubsub": [
                  {
                    "enabled": false,
                    "filter": [],
                    "topic": ""
                  }
                ]
              }
            ],
            "operation": null,
            "private_cluster_config": [
              {
                "enable_private_endpoint": false,
                "enable_private_nodes": false,
                "master_global_access_config": [
                  {
                    "enabled": false
                  }
                ],
                "master_ipv4_cidr_block": "",
                "peering_name": "",
                "private_endpoint": "10.148.0.53",
                "private_endpoint_subnetwork": "",
                "public_endpoint": "34.143.162.103"
              }
            ],
            "private_ipv6_google_access": "",
            "project": "alpine-figure-461007-i9",
            "release_channel": [
              {
                "channel": "REGULAR"
              }
            ],
            "remove_default_node_pool": true,
            "resource_labels": {},
            "resource_usage_export_config": [],
            "security_posture_config": [
              {
                "mode": "BASIC",
                "vulnerability_mode": "VULNERABILITY_MODE_UNSPECIFIED"
              }
            ],
            "self_link": "https://container.googleapis.com/v1/projects/alpine-figure-461007-i9/zones/asia-southeast1-a/clusters/simple-cluster",
            "service_external_ips_config": [
              {
                "enabled": false
              }
            ],
            "services_ipv4_cidr": "34.118.224.0/20",
            "subnetwork": "projects/alpine-figure-461007-i9/regions/asia-southeast1/subnetworks/default",
            "timeouts": null,
            "tpu_ipv4_cidr_block": "",
            "vertical_pod_autoscaling": [],
            "workload_identity_config": [
              {
                "workload_pool": "alpine-figure-461007-i9.svc.id.goog"
              }
            ]
          },
          "sensitive_attributes": [
            [
              {
                "type": "get_attr",
                "value": "master_auth"
              },
              {
                "type": "index",
                "value": {
                  "value": 0,
                  "type": "number"
                }
              },
              {
                "type": "get_attr",
                "value": "client_key"
              }
            ]
          ],
          "identity_schema_version": 0,
          "private": "eyJlMmJmYjczMC1lY2FhLTExZTYtOGY4OC0zNDM2M2JjN2M0YzAiOnsiY3JlYXRlIjoyNDAwMDAwMDAwMDAwLCJkZWxldGUiOjI0MDAwMDAwMDAwMDAsInJlYWQiOjI0MDAwMDAwMDAwMDAsInVwZGF0ZSI6MzYwMDAwMDAwMDAwMH0sInNjaGVtYV92ZXJzaW9uIjoiMiJ9"
        }
      ]
    },
    {
      "mode": "managed",
      "type": "google_container_node_pool",
      "name": "primary_nodes",
      "provider": "provider[\"registry.terraform.io/hashicorp/google\"]",
      "instances": [
        {
          "schema_version": 1,
          "attributes": {
            "autoscaling": [
              {
                "location_policy": "BALANCED",
                "max_node_count": 3,
                "min_node_count": 1,
                "total_max_node_count": 0,
                "total_min_node_count": 0
              }
            ],
            "cluster": "simple-cluster",
            "id": "projects/alpine-figure-461007-i9/locations/asia-southeast1-a/clusters/simple-cluster/nodePools/simple-cluster-node-pool",
            "initial_node_count": 0,
            "instance_group_urls": [
              "https://www.googleapis.com/compute/v1/projects/alpine-figure-461007-i9/zones/asia-southeast1-a/instanceGroupManagers/gke-simple-cluster-simple-cluster-nod-6dcf9468-grp"
            ],
            "location": "asia-southeast1-a",
            "managed_instance_group_urls": [
              "https://www.googleapis.com/compute/v1/projects/alpine-figure-461007-i9/zones/asia-southeast1-a/instanceGroups/gke-simple-cluster-simple-cluster-nod-6dcf9468-grp"
            ],
            "management": [
              {
                "auto_repair": true,
                "auto_upgrade": true
              }
            ],
            "max_pods_per_node": 110,
            "name": "simple-cluster-node-pool",
            "name_prefix": "",
            "network_config": [
              {
                "additional_node_network_configs": [],
                "additional_pod_network_configs": [],
                "create_pod_range": false,
                "enable_private_nodes": false,
                "network_performance_config": [],
                "pod_cidr_overprovision_config": [],
                "pod_ipv4_cidr_block": "10.40.0.0/14",
                "pod_range": "gke-simple-cluster-pods-cd41f7a0"
              }
            ],
            "node_config": [
              {
                "advanced_machine_features": [],
                "boot_disk_kms_key": "",
                "confidential_nodes": [],
                "containerd_config": [],
                "disk_size_gb": 100,
                "disk_type": "pd-balanced",
                "effective_taints": [],
                "enable_confidential_storage": false,
                "ephemeral_storage_local_ssd_config": [],
                "fast_socket": [],
                "gcfs_config": [],
                "guest_accelerator": [],
                "gvnic": [],
                "host_maintenance_policy": [],
                "image_type": "COS_CONTAINERD",
                "kubelet_config": [
                  {
                    "cpu_cfs_quota": false,
                    "cpu_cfs_quota_period": "",
                    "cpu_manager_policy": "",
                    "insecure_kubelet_readonly_port_enabled": "FALSE",
                    "pod_pids_limit": 0
                  }
                ],
                "labels": {},
                "linux_node_config": [],
                "local_nvme_ssd_block_config": [],
                "local_ssd_count": 0,
                "logging_variant": "DEFAULT",
                "machine_type": "e2-standard-2",
                "metadata": {
                  "disable-legacy-endpoints": "true"
                },
                "min_cpu_platform": "",
                "node_group": "",
                "oauth_scopes": [
                  "https://www.googleapis.com/auth/cloud-platform"
                ],
                "preemptible": false,
                "reservation_affinity": [],
                "resource_labels": {
                  "goog-gke-node-pool-provisioning-model": "on-demand"
                },
                "resource_manager_tags": {},
                "secondary_boot_disks": [],
                "service_account": "gke-node-sa@alpine-figure-461007-i9.iam.gserviceaccount.com",
                "shielded_instance_config": [
                  {
                    "enable_integrity_monitoring": true,
                    "enable_secure_boot": false
                  }
                ],
                "sole_tenant_config": [],
                "spot": false,
                "tags": [],
                "taint": [],
                "workload_metadata_config": [
                  {
                    "mode": "GKE_METADATA"
                  }
                ]
              }
            ],
            "node_count": 1,
            "node_locations": [
              "asia-southeast1-a"
            ],
            "operation": null,
            "placement_policy": [],
            "project": "alpine-figure-461007-i9",
            "queued_provisioning": [],
            "timeouts": null,
            "upgrade_settings": [
              {
                "blue_green_settings": [],
                "max_surge": 1,
                "max_unavailable": 0,
                "strategy": "SURGE"
              }
            ],
            "version": "1.32.4-gke.1353003"
          },
          "sensitive_attributes": [],
          "identity_schema_version": 0,
          "private": "eyJlMmJmYjczMC1lY2FhLTExZTYtOGY4OC0zNDM2M2JjN2M0YzAiOnsiY3JlYXRlIjoxODAwMDAwMDAwMDAwLCJkZWxldGUiOjE4MDAwMDAwMDAwMDAsInVwZGF0ZSI6MTgwMDAwMDAwMDAwMH0sInNjaGVtYV92ZXJzaW9uIjoiMSJ9",
          "dependencies": [
            "google_container_cluster.primary",
            "google_service_account.gke_node_sa"
          ]
        }
      ]
    },
    {
      "mode": "managed",
      "type": "google_project_iam_member",
      "name": "airflow_sa_cloudsql_client",
      "provider": "provider[\"registry.terraform.io/hashicorp/google\"]",
      "instances": [
        {
          "schema_version": 0,
          "attributes": {
            "condition": [],
            "etag": "BwY39d+t7tk=",
            "id": "alpine-figure-461007-i9/roles/cloudsql.client/serviceAccount:airflow-sa-crawl2insight@alpine-figure-461007-i9.iam.gserviceaccount.com",
            "member": "serviceAccount:airflow-sa-crawl2insight@alpine-figure-461007-i9.iam.gserviceaccount.com",
            "project": "alpine-figure-461007-i9",
            "role": "roles/cloudsql.client"
          },
          "sensitive_attributes": [],
          "identity_schema_version": 0,
          "private": "bnVsbA==",
          "dependencies": [
            "google_service_account.airflow_sa"
          ]
        }
      ]
    },
    {
      "mode": "managed",
      "type": "google_project_iam_member",
      "name": "airflow_sa_storage_admin",
      "provider": "provider[\"registry.terraform.io/hashicorp/google\"]",
      "instances": [
        {
          "schema_version": 0,
          "attributes": {
            "condition": [],
            "etag": "BwY39d+t7tk=",
            "id": "alpine-figure-461007-i9/roles/storage.objectAdmin/serviceAccount:airflow-sa-crawl2insight@alpine-figure-461007-i9.iam.gserviceaccount.com",
            "member": "serviceAccount:airflow-sa-crawl2insight@alpine-figure-461007-i9.iam.gserviceaccount.com",
            "project": "alpine-figure-461007-i9",
            "role": "roles/storage.objectAdmin"
          },
          "sensitive_attributes": [],
          "identity_schema_version": 0,
          "private": "bnVsbA==",
          "dependencies": [
            "google_service_account.airflow_sa"
          ]
        }
      ]
    },
    {
      "mode": "managed",
      "type": "google_project_iam_member",
      "name": "eos_secret_accessor",
      "provider": "provider[\"registry.terraform.io/hashicorp/google\"]",
      "instances": [
        {
          "schema_version": 0,
          "attributes": {
            "condition": [],
            "etag": "BwY39d+t7tk=",
            "id": "alpine-figure-461007-i9/roles/secretmanager.secretAccessor/serviceAccount:eos-sa-crawl2insight@alpine-figure-461007-i9.iam.gserviceaccount.com",
            "member": "serviceAccount:eos-sa-crawl2insight@alpine-figure-461007-i9.iam.gserviceaccount.com",
            "project": "alpine-figure-461007-i9",
            "role": "roles/secretmanager.secretAccessor"
          },
          "sensitive_attributes": [],
          "identity_schema_version": 0,
          "private": "bnVsbA==",
          "dependencies": [
            "google_service_account.eos_sa"
          ]
        }
      ]
    },
    {
      "mode": "managed",
      "type": "google_project_iam_member",
      "name": "fastapi_sa_cloudsql_client",
      "provider": "provider[\"registry.terraform.io/hashicorp/google\"]",
      "instances": [
        {
          "schema_version": 0,
          "attributes": {
            "condition": [],
            "etag": "BwY39d+t7tk=",
            "id": "alpine-figure-461007-i9/roles/cloudsql.client/serviceAccount:fastapi-app-sa-crawl2insight@alpine-figure-461007-i9.iam.gserviceaccount.com",
            "member": "serviceAccount:fastapi-app-sa-crawl2insight@alpine-figure-461007-i9.iam.gserviceaccount.com",
            "project": "alpine-figure-461007-i9",
            "role": "roles/cloudsql.client"
          },
          "sensitive_attributes": [],
          "identity_schema_version": 0,
          "private": "bnVsbA==",
          "dependencies": [
            "google_service_account.fastapi_app_sa"
          ]
        }
      ]
    },
    {
      "mode": "managed",
      "type": "google_project_iam_member",
      "name": "gitsync_ssh_key_access",
      "provider": "provider[\"registry.terraform.io/hashicorp/google\"]",
      "instances": [
        {
          "schema_version": 0,
          "attributes": {
            "condition": [],
            "etag": "BwY39d+t7tk=",
            "id": "alpine-figure-461007-i9/roles/secretmanager.secretAccessor/serviceAccount:gitsync-ssh-key@alpine-figure-461007-i9.iam.gserviceaccount.com",
            "member": "serviceAccount:gitsync-ssh-key@alpine-figure-461007-i9.iam.gserviceaccount.com",
            "project": "alpine-figure-461007-i9",
            "role": "roles/secretmanager.secretAccessor"
          },
          "sensitive_attributes": [],
          "identity_schema_version": 0,
          "private": "bnVsbA==",
          "dependencies": [
            "google_service_account.gitsync_ssh_key"
          ]
        }
      ]
    },
    {
      "mode": "managed",
      "type": "google_project_iam_member",
      "name": "gke_sa_artifact_registry",
      "provider": "provider[\"registry.terraform.io/hashicorp/google\"]",
      "instances": [
        {
          "schema_version": 0,
          "attributes": {
            "condition": [],
            "etag": "BwY39d+t7tk=",
            "id": "alpine-figure-461007-i9/roles/artifactregistry.reader/serviceAccount:gke-node-sa@alpine-figure-461007-i9.iam.gserviceaccount.com",
            "member": "serviceAccount:gke-node-sa@alpine-figure-461007-i9.iam.gserviceaccount.com",
            "project": "alpine-figure-461007-i9",
            "role": "roles/artifactregistry.reader"
          },
          "sensitive_attributes": [],
          "identity_schema_version": 0,
          "private": "bnVsbA==",
          "dependencies": [
            "google_service_account.gke_node_sa"
          ]
        }
      ]
    },
    {
      "mode": "managed",
      "type": "google_project_iam_member",
      "name": "gke_sa_logging",
      "provider": "provider[\"registry.terraform.io/hashicorp/google\"]",
      "instances": [
        {
          "schema_version": 0,
          "attributes": {
            "condition": [],
            "etag": "BwY39d+t7tk=",
            "id": "alpine-figure-461007-i9/roles/logging.logWriter/serviceAccount:gke-node-sa@alpine-figure-461007-i9.iam.gserviceaccount.com",
            "member": "serviceAccount:gke-node-sa@alpine-figure-461007-i9.iam.gserviceaccount.com",
            "project": "alpine-figure-461007-i9",
            "role": "roles/logging.logWriter"
          },
          "sensitive_attributes": [],
          "identity_schema_version": 0,
          "private": "bnVsbA==",
          "dependencies": [
            "google_service_account.gke_node_sa"
          ]
        }
      ]
    },
    {
      "mode": "managed",
      "type": "google_project_iam_member",
      "name": "gke_sa_monitoring",
      "provider": "provider[\"registry.terraform.io/hashicorp/google\"]",
      "instances": [
        {
          "schema_version": 0,
          "attributes": {
            "condition": [],
            "etag": "BwY39d+t7tk=",
            "id": "alpine-figure-461007-i9/roles/monitoring.metricWriter/serviceAccount:gke-node-sa@alpine-figure-461007-i9.iam.gserviceaccount.com",
            "member": "serviceAccount:gke-node-sa@alpine-figure-461007-i9.iam.gserviceaccount.com",
            "project": "alpine-figure-461007-i9",
            "role": "roles/monitoring.metricWriter"
          },
          "sensitive_attributes": [],
          "identity_schema_version": 0,
          "private": "bnVsbA==",
          "dependencies": [
            "google_service_account.gke_node_sa"
          ]
        }
      ]
    },
    {
      "mode": "managed",
      "type": "google_project_iam_member",
      "name": "runner_artifact_writer",
      "provider": "provider[\"registry.terraform.io/hashicorp/google\"]",
      "instances": [
        {
          "schema_version": 0,
          "attributes": {
            "condition": [],
            "etag": "BwY39d+t7tk=",
            "id": "alpine-figure-461007-i9/roles/artifactregistry.writer/serviceAccount:github-runner-sa@alpine-figure-461007-i9.iam.gserviceaccount.com",
            "member": "serviceAccount:github-runner-sa@alpine-figure-461007-i9.iam.gserviceaccount.com",
            "project": "alpine-figure-461007-i9",
            "role": "roles/artifactregistry.writer"
          },
          "sensitive_attributes": [],
          "identity_schema_version": 0,
          "private": "bnVsbA==",
          "dependencies": [
            "google_service_account.github_runner_sa"
          ]
        }
      ]
    },
    {
      "mode": "managed",
      "type": "google_project_iam_member",
      "name": "runner_gke_developer",
      "provider": "provider[\"registry.terraform.io/hashicorp/google\"]",
      "instances": [
        {
          "schema_version": 0,
          "attributes": {
            "condition": [],
            "etag": "BwY39d+t7tk=",
            "id": "alpine-figure-461007-i9/roles/container.developer/serviceAccount:github-runner-sa@alpine-figure-461007-i9.iam.gserviceaccount.com",
            "member": "serviceAccount:github-runner-sa@alpine-figure-461007-i9.iam.gserviceaccount.com",
            "project": "alpine-figure-461007-i9",
            "role": "roles/container.developer"
          },
          "sensitive_attributes": [],
          "identity_schema_version": 0,
          "private": "bnVsbA==",
          "dependencies": [
            "google_service_account.github_runner_sa"
          ]
        }
      ]
    },
    {
      "mode": "managed",
      "type": "google_secret_manager_secret",
      "name": "airflow_fernet_key",
      "provider": "provider[\"registry.terraform.io/hashicorp/google\"]",
      "instances": [
        {
          "schema_version": 0,
          "attributes": {
            "annotations": {},
            "create_time": "2025-06-20T00:22:07.992436Z",
            "effective_annotations": {},
            "effective_labels": {},
            "expire_time": "",
            "id": "projects/alpine-figure-461007-i9/secrets/airflow-fernet-key",
            "labels": {},
            "name": "projects/948811015839/secrets/airflow-fernet-key",
            "project": "alpine-figure-461007-i9",
            "replication": [
              {
                "auto": [
                  {
                    "customer_managed_encryption": []
                  }
                ],
                "user_managed": []
              }
            ],
            "rotation": [],
            "secret_id": "airflow-fernet-key",
            "terraform_labels": {},
            "timeouts": null,
            "topics": [],
            "ttl": null,
            "version_aliases": {},
            "version_destroy_ttl": ""
          },
          "sensitive_attributes": [],
          "identity_schema_version": 0,
          "private": "eyJlMmJmYjczMC1lY2FhLTExZTYtOGY4OC0zNDM2M2JjN2M0YzAiOnsiY3JlYXRlIjoxMjAwMDAwMDAwMDAwLCJkZWxldGUiOjEyMDAwMDAwMDAwMDAsInVwZGF0ZSI6MTIwMDAwMDAwMDAwMH19"
        }
      ]
    },
    {
      "mode": "managed",
      "type": "google_secret_manager_secret",
      "name": "gitsync_ssh_key",
      "provider": "provider[\"registry.terraform.io/hashicorp/google\"]",
      "instances": [
        {
          "schema_version": 0,
          "attributes": {
            "annotations": {},
            "create_time": "2025-06-20T00:22:07.853382Z",
            "effective_annotations": {},
            "effective_labels": {},
            "expire_time": "",
            "id": "projects/alpine-figure-461007-i9/secrets/gitsync-ssh-key",
            "labels": {},
            "name": "projects/948811015839/secrets/gitsync-ssh-key",
            "project": "alpine-figure-461007-i9",
            "replication": [
              {
                "auto": [
                  {
                    "customer_managed_encryption": []
                  }
                ],
                "user_managed": []
              }
            ],
            "rotation": [],
            "secret_id": "gitsync-ssh-key",
            "terraform_labels": {},
            "timeouts": null,
            "topics": [],
            "ttl": null,
            "version_aliases": {},
            "version_destroy_ttl": ""
          },
          "sensitive_attributes": [],
          "identity_schema_version": 0,
          "private": "eyJlMmJmYjczMC1lY2FhLTExZTYtOGY4OC0zNDM2M2JjN2M0YzAiOnsiY3JlYXRlIjoxMjAwMDAwMDAwMDAwLCJkZWxldGUiOjEyMDAwMDAwMDAwMDAsInVwZGF0ZSI6MTIwMDAwMDAwMDAwMH19"
        }
      ]
    },
    {
      "mode": "managed",
      "type": "google_secret_manager_secret",
      "name": "litellm_master_key",
      "provider": "provider[\"registry.terraform.io/hashicorp/google\"]",
      "instances": [
        {
          "schema_version": 0,
          "attributes": {
            "annotations": {},
            "create_time": "2025-06-20T00:22:07.726253Z",
            "effective_annotations": {},
            "effective_labels": {},
            "expire_time": "",
            "id": "projects/alpine-figure-461007-i9/secrets/litellm-master-key",
            "labels": {},
            "name": "projects/948811015839/secrets/litellm-master-key",
            "project": "alpine-figure-461007-i9",
            "replication": [
              {
                "auto": [
                  {
                    "customer_managed_encryption": []
                  }
                ],
                "user_managed": []
              }
            ],
            "rotation": [],
            "secret_id": "litellm-master-key",
            "terraform_labels": {},
            "timeouts": null,
            "topics": [],
            "ttl": null,
            "version_aliases": {},
            "version_destroy_ttl": ""
          },
          "sensitive_attributes": [],
          "identity_schema_version": 0,
          "private": "eyJlMmJmYjczMC1lY2FhLTExZTYtOGY4OC0zNDM2M2JjN2M0YzAiOnsiY3JlYXRlIjoxMjAwMDAwMDAwMDAwLCJkZWxldGUiOjEyMDAwMDAwMDAwMDAsInVwZGF0ZSI6MTIwMDAwMDAwMDAwMH19"
        }
      ]
    },
    {
      "mode": "managed",
      "type": "google_secret_manager_secret",
      "name": "litellm_openai_api_keys",
      "provider": "provider[\"registry.terraform.io/hashicorp/google\"]",
      "instances": [
        {
          "schema_version": 0,
          "attributes": {
            "annotations": {},
            "create_time": "2025-06-20T00:22:07.986344Z",
            "effective_annotations": {},
            "effective_labels": {},
            "expire_time": "",
            "id": "projects/alpine-figure-461007-i9/secrets/litellm-openai-api-keys",
            "labels": {},
            "name": "projects/948811015839/secrets/litellm-openai-api-keys",
            "project": "alpine-figure-461007-i9",
            "replication": [
              {
                "auto": [
                  {
                    "customer_managed_encryption": []
                  }
                ],
                "user_managed": []
              }
            ],
            "rotation": [],
            "secret_id": "litellm-openai-api-keys",
            "terraform_labels": {},
            "timeouts": null,
            "topics": [],
            "ttl": null,
            "version_aliases": {},
            "version_destroy_ttl": ""
          },
          "sensitive_attributes": [],
          "identity_schema_version": 0,
          "private": "eyJlMmJmYjczMC1lY2FhLTExZTYtOGY4OC0zNDM2M2JjN2M0YzAiOnsiY3JlYXRlIjoxMjAwMDAwMDAwMDAwLCJkZWxldGUiOjEyMDAwMDAwMDAwMDAsInVwZGF0ZSI6MTIwMDAwMDAwMDAwMH19"
        }
      ]
    },
    {
      "mode": "managed",
      "type": "google_secret_manager_secret",
      "name": "litellm_ui_credentials",
      "provider": "provider[\"registry.terraform.io/hashicorp/google\"]",
      "instances": [
        {
          "schema_version": 0,
          "attributes": {
            "annotations": {},
            "create_time": "2025-06-20T00:22:07.713585Z",
            "effective_annotations": {},
            "effective_labels": {},
            "expire_time": "",
            "id": "projects/alpine-figure-461007-i9/secrets/litellm-ui-credentials",
            "labels": {},
            "name": "projects/948811015839/secrets/litellm-ui-credentials",
            "project": "alpine-figure-461007-i9",
            "replication": [
              {
                "auto": [
                  {
                    "customer_managed_encryption": []
                  }
                ],
                "user_managed": []
              }
            ],
            "rotation": [],
            "secret_id": "litellm-ui-credentials",
            "terraform_labels": {},
            "timeouts": null,
            "topics": [],
            "ttl": null,
            "version_aliases": {},
            "version_destroy_ttl": ""
          },
          "sensitive_attributes": [],
          "identity_schema_version": 0,
          "private": "eyJlMmJmYjczMC1lY2FhLTExZTYtOGY4OC0zNDM2M2JjN2M0YzAiOnsiY3JlYXRlIjoxMjAwMDAwMDAwMDAwLCJkZWxldGUiOjEyMDAwMDAwMDAwMDAsInVwZGF0ZSI6MTIwMDAwMDAwMDAwMH19"
        }
      ]
    },
    {
      "mode": "managed",
      "type": "google_secret_manager_secret_iam_member",
      "name": "airflow_fernet_key_accessor",
      "provider": "provider[\"registry.terraform.io/hashicorp/google\"]",
      "instances": [
        {
          "schema_version": 0,
          "attributes": {
            "condition": [],
            "etag": "BwY39d94Khg=",
            "id": "projects/alpine-figure-461007-i9/secrets/airflow-fernet-key/roles/secretmanager.secretAccessor/serviceAccount:airflow-sa-crawl2insight@alpine-figure-461007-i9.iam.gserviceaccount.com",
            "member": "serviceAccount:airflow-sa-crawl2insight@alpine-figure-461007-i9.iam.gserviceaccount.com",
            "project": "alpine-figure-461007-i9",
            "role": "roles/secretmanager.secretAccessor",
            "secret_id": "projects/alpine-figure-461007-i9/secrets/airflow-fernet-key"
          },
          "sensitive_attributes": [],
          "identity_schema_version": 0,
          "private": "bnVsbA==",
          "dependencies": [
            "google_secret_manager_secret.airflow_fernet_key",
            "google_service_account.airflow_sa"
          ]
        }
      ]
    },
    {
      "mode": "managed",
      "type": "google_secret_manager_secret_iam_member",
      "name": "litellm_api_key_accessor",
      "provider": "provider[\"registry.terraform.io/hashicorp/google\"]",
      "instances": [
        {
          "schema_version": 0,
          "attributes": {
            "condition": [],
            "etag": "BwY39dtEXkY=",
            "id": "projects/alpine-figure-461007-i9/secrets/litellm-openai-api-keys/roles/secretmanager.secretAccessor/serviceAccount:litellm-sa-crawl2insight@alpine-figure-461007-i9.iam.gserviceaccount.com",
            "member": "serviceAccount:litellm-sa-crawl2insight@alpine-figure-461007-i9.iam.gserviceaccount.com",
            "project": "alpine-figure-461007-i9",
            "role": "roles/secretmanager.secretAccessor",
            "secret_id": "projects/alpine-figure-461007-i9/secrets/litellm-openai-api-keys"
          },
          "sensitive_attributes": [],
          "identity_schema_version": 0,
          "private": "bnVsbA==",
          "dependencies": [
            "google_secret_manager_secret.litellm_openai_api_keys",
            "google_service_account.litellm_sa"
          ]
        }
      ]
    },
    {
      "mode": "managed",
      "type": "google_secret_manager_secret_iam_member",
      "name": "litellm_ui_credentials_accessor",
      "provider": "provider[\"registry.terraform.io/hashicorp/google\"]",
      "instances": [
        {
          "schema_version": 0,
          "attributes": {
            "condition": [],
            "etag": "BwY39dsQp6Q=",
            "id": "projects/alpine-figure-461007-i9/secrets/litellm-ui-credentials/roles/secretmanager.secretAccessor/serviceAccount:litellm-sa-crawl2insight@alpine-figure-461007-i9.iam.gserviceaccount.com",
            "member": "serviceAccount:litellm-sa-crawl2insight@alpine-figure-461007-i9.iam.gserviceaccount.com",
            "project": "alpine-figure-461007-i9",
            "role": "roles/secretmanager.secretAccessor",
            "secret_id": "projects/alpine-figure-461007-i9/secrets/litellm-ui-credentials"
          },
          "sensitive_attributes": [],
          "identity_schema_version": 0,
          "private": "bnVsbA==",
          "dependencies": [
            "google_secret_manager_secret.litellm_ui_credentials",
            "google_service_account.litellm_sa"
          ]
        }
      ]
    },
    {
      "mode": "managed",
      "type": "google_secret_manager_secret_version",
      "name": "airflow_fernet_key_v1",
      "provider": "provider[\"registry.terraform.io/hashicorp/google\"]",
      "instances": [
        {
          "schema_version": 0,
          "attributes": {
            "create_time": "2025-06-20T00:22:12.042481Z",
            "deletion_policy": "DELETE",
            "destroy_time": "",
            "enabled": true,
            "id": "projects/948811015839/secrets/airflow-fernet-key/versions/1",
            "is_secret_data_base64": false,
            "name": "projects/948811015839/secrets/airflow-fernet-key/versions/1",
            "secret": "projects/alpine-figure-461007-i9/secrets/airflow-fernet-key",
            "secret_data": "PpwOpKTKaHYo-TuiwCIMSwxNmBJknIf4rV5KctQ_8-k=",
            "timeouts": null,
            "version": "1"
          },
          "sensitive_attributes": [
            [
              {
                "type": "get_attr",
                "value": "secret_data"
              }
            ]
          ],
          "identity_schema_version": 0,
          "private": "eyJlMmJmYjczMC1lY2FhLTExZTYtOGY4OC0zNDM2M2JjN2M0YzAiOnsiY3JlYXRlIjoxMjAwMDAwMDAwMDAwLCJkZWxldGUiOjEyMDAwMDAwMDAwMDAsInVwZGF0ZSI6MTIwMDAwMDAwMDAwMH19",
          "dependencies": [
            "google_secret_manager_secret.airflow_fernet_key"
          ]
        }
      ]
    },
    {
      "mode": "managed",
      "type": "google_secret_manager_secret_version",
      "name": "gitsync_ssh_key_v1",
      "provider": "provider[\"registry.terraform.io/hashicorp/google\"]",
      "instances": [
        {
          "schema_version": 0,
          "attributes": {
            "create_time": "2025-06-20T00:22:12.503508Z",
            "deletion_policy": "DELETE",
            "destroy_time": "",
            "enabled": true,
            "id": "projects/948811015839/secrets/gitsync-ssh-key/versions/1",
            "is_secret_data_base64": false,
            "name": "projects/948811015839/secrets/gitsync-ssh-key/versions/1",
            "secret": "projects/alpine-figure-461007-i9/secrets/gitsync-ssh-key",
            "secret_data": "-----BEGIN OPENSSH PRIVATE KEY-----\nb3BlbnNzaC1rZXktdjEAAAAABG5vbmUAAAAEbm9uZQAAAAAAAAABAAACFwAAAAdzc2gtcn\nNhAAAAAwEAAQAAAgEA18fyIIuTjZvgPqn2dmf39Ux8KU4oIi6AdAlYML+pz00jeixzlNZn\n+4aN74Ocj83IomskL5OuCnOOtggyYWSAouEKc15QUdjk2cmzx6psevwbvggpKlkaN3ORog\njvsCh3wdtQ8nLbpnsTIDgUBsMegEexGVGOY9pD8pxaZWaXXoNA0qDoekAqP6GtSYBudb3w\nHr9awZ0uzWpNLgtgDphA67iMjnvbhcKUwMOuyFBtmtP+56EUUXuv6mM8jSWavUJNRsAcqI\n4OYMgCl/It3mL7AVNl7IFh89C4Js3AeRhpG/IXJRRBdS8qIAhNIEU73xHUP+1JpSQGexVY\nfjH8m+vwyHaaV5S/DM0zPiA3rqBTCoCGsI+xhi5ggnFNrMRWYwS+9uHtfYXoI7S6cvZpnE\nKAQhJo/HnjO3aH/rcIS9qucPR6OmHleB0Z5jHf+iZHrB+XGmNfmIgR5s/TCvGO834DVGop\nteHBMmLEIsKm+rf4f9GWwz3acw4uwAiy+T+B0SnDZmfOjZu+RCmRRMPLuMcG4+0RN2oHwp\nf8L7wHULE/dUAy+QkgXqr/In6xkwX0uITBpVDSUC51ugyZNv40wiGcOSRC7LPFuogAYwR+\ndx6h86SjnjEos9NmkCegFuYiFmOonsfkyuyF/Fl3XngWkDw4FP2HaTu+V4kCnDgT2ARxPA\ncAAAdIlk9jr5ZPY68AAAAHc3NoLXJzYQAAAgEA18fyIIuTjZvgPqn2dmf39Ux8KU4oIi6A\ndAlYML+pz00jeixzlNZn+4aN74Ocj83IomskL5OuCnOOtggyYWSAouFEKc15QUdjk2cmzx6\npsevwbvggpKlkaN3ORogjvsCh3wdtQ8nLbpnsTIDgUBsMegEexGVGOY9pD8pxaZWaXXoNA\n0qDoekAqP6GtSYBudb3wHr9awZ0uzWpNLgtgDphA67iMjnvbhcKUwMOuyFBtmtP+56EUUX\nuv6mM8jSWavUJNRsAcqI4OYMgCl/It3mL7AVNl7IFh89C4Js3AeRhpG/IXJRRBdS8qIAhN\nIEU73xHUP+1JpSQGexVYfjH8m+vwyHaaV5S/DM0zPiA3rqBTCoCGsI+xhi5ggnFNrMRWYw\nS+9uHtfYXoI7S6cvZpnEKAQhJo/HnjO3aH/rcIS9qucPR6OmHleB0Z5jHf+iZHrB+XGmNf\nmIgR5s/TCvGO834DVGopteHBMmLEIsKm+rf4f9GWwz3acw4uwAiy+T+B0SnDZmfOjZu+RC\nmRRMPLuMcG4+0RN2oHwpf8L7wHULE/dUAy+QkgXqr/In6xkwX0uITBpVDSUC51ugyZNv40\nwiGcOSRC7LPFuogAYwR+dx6h86SjnjEos9NmkCegFuYiFmOonsfkyuyF/Fl3XngWkDw4FP\n2HaTu+V4kCnDgT2ARxPAcAAAADAQABAAACAEr5QwzB0nPqjCDZxzPe7g3CFIX5jQJLbABl\nWsodXjAUGlaR6Vr2oEyJtPlanmRs2OBuH7WUN22UNyrScEbct8FgNdReGcRGe0WcyqV+dp\nDI1g7SIROAwBYyRpCpUDbB6NJnlJmZBO60ZrHUKkkrNIbX4hXs+2+AYAmE//epjMCfFD/a\n/suzTbqsP1yBjl/ErhDQ5gTNy3w+CjEMbMTFbBE7H0NGj8DLGgpcM3eQUnTwYeozUq75Le\ndfsaNNRJWr2tPRXmPGcAJ6nEQVNpDFjXcpdgmV7uXbSJDa/pxUufimxhnxDslbqORWXg3v\nYF0igb/wf50shj/v6751OdMnSJKLJgq6O6n8EBC4oX2WmEDyhJGNALCEjrCGXnY90gKiw7\nXC1eiDx8lI2qt92OWhw9cGPPM267TI00k3MjCix0k4x0prXx1kYcKoUOu72qhcyKz0fS/e\npxiCpbMXLnCgwoEspnhCXCwPVORrfXJscOqMYHvSEkmyo04DiIFINYT0POnMxRp4/BxRo7\nGPwGXyfpWMwMu4RN5jCaO5sYkf7cN3Wbn5XEy7pn/46khscYv4GzEnx10owI5pLRBKdXVV\nVmr7EH6YCsInCOtiz3RG8Ml4wYfwFBXb8NAC+TkLfZHsf6qK73pvaWWBVlD/mqrdEreg7A\nu1MNVGJAbcpKZu+7+JAAABAEWjxEwP5trWkmJ6e5y5eX8Q21xK8V01iP4If9BSmdVClI1U\nSzygOjgQN2myeFxHR3w9kfOtBt93OGIxjbgm4J2RUJSGygtlJq31iDFN/ftTnLWJ8Lc06l\nfVsEXvsFKm7DloDcqBlZoVnHScdPQds6Nr4cFljkS3qc+ycazeq2MR6CT1bfYPhvlm1Mu+\naVgcLQuigXDsesYlAZCb5TIUWbc7m3D6yQEKUmpTaCDyHx+M84wzFEPGUahkW5jQ8KVTZw\n32l1GnbnOXjUx+b5Fiz3M56uwZR/PIqbFIHJNX/YMPDmLgglfzkwUUE3eUlUF3/yBUZ5/8\nTN4Z37LhL+1zP/UAAAEBAOzdGvUmwNdINiP9OzcCjomxGdMdVwrJDBowuUBNAgN+TVTvSI\n5yOGl9pB6kdOn7A+hbK7aXO/sFrlO/Uy22+4ocnFTPpMGRNZSpL2D+LLdbl+QMsL9tafxu\nrevKFqlNaiAR3akKucJcMYT3UqTNt7N7KNegInrW4oYOTlXrNGZxxnQ2a4+iEaz7v+jBeH\n1QVx6y2ZVSTdOjCnZQJrtaZEpUxEXTex027FrlmWvOQ5h306UGU1HKxwBE1F20aNawB9Hi\nJpiJSgjigeAyiIxO4M+HRWT707m07RVRACLC+Ro/Q95lxwDwMDKrc35gYXnUKy+qrwDBu+\ndgGkJrihhWpy0AAAEBAOk2zUxivzKuusPM7Nm6hwSclte3GNqXtWuqDwAMYwIxbEjyV55/\nEdY3Wf6+ORcNBPCSb8bCqhz4nfRrYtw1PEfycRAdXFQ5hUvhVpgzZ2wWkfzMYAuRmTz0nf\n5X0zSHIAx3asGpmA35hcg3VJcdb+gcQMH23PW5pOJjf2he6nNR06XDsceuuhKLv0E2DgZG\nfzAVWm9aLATHJ6QGWJDwh25lMIjnhtDrPFdIsa0x8/oXmK8QATkECxk95TChoOiqx+4uQS\nXpkdrgSf28sSCp1mjs5XGpp7g3Chw42e8WEWzf5OqqRZOxtpSXb0mrz9qq0oC1oXMXYc0J\nx7BAphyOcIMAAAAPYWlyZmxvdy1naXRzeW5jAQIDBA==\n-----END OPENSSH PRIVATE KEY-----\n",
            "timeouts": null,
            "version": "1"
          },
          "sensitive_attributes": [
            [
              {
                "type": "get_attr",
                "value": "secret_data"
              }
            ]
          ],
          "identity_schema_version": 0,
          "private": "eyJlMmJmYjczMC1lY2FhLTExZTYtOGY4OC0zNDM2M2JjN2M0YzAiOnsiY3JlYXRlIjoxMjAwMDAwMDAwMDAwLCJkZWxldGUiOjEyMDAwMDAwMDAwMDAsInVwZGF0ZSI6MTIwMDAwMDAwMDAwMH19",
          "dependencies": [
            "google_secret_manager_secret.gitsync_ssh_key"
          ]
        }
      ]
    },
    {
      "mode": "managed",
      "type": "google_secret_manager_secret_version",
      "name": "litellm_master_key_v1",
      "provider": "provider[\"registry.terraform.io/hashicorp/google\"]",
      "instances": [
        {
          "schema_version": 0,
          "attributes": {
            "create_time": "2025-06-20T00:22:18.133356Z",
            "deletion_policy": "DELETE",
            "destroy_time": "",
            "enabled": true,
            "id": "projects/948811015839/secrets/litellm-master-key/versions/1",
            "is_secret_data_base64": false,
            "name": "projects/948811015839/secrets/litellm-master-key/versions/1",
            "secret": "projects/alpine-figure-461007-i9/secrets/litellm-master-key",
            "secret_data": "sk-1234",
            "timeouts": null,
            "version": "1"
          },
          "sensitive_attributes": [
            [
              {
                "type": "get_attr",
                "value": "secret_data"
              }
            ]
          ],
          "identity_schema_version": 0,
          "private": "eyJlMmJmYjczMC1lY2FhLTExZTYtOGY4OC0zNDM2M2JjN2M0YzAiOnsiY3JlYXRlIjoxMjAwMDAwMDAwMDAwLCJkZWxldGUiOjEyMDAwMDAwMDAwMDAsInVwZGF0ZSI6MTIwMDAwMDAwMDAwMH19",
          "dependencies": [
            "google_secret_manager_secret.litellm_master_key"
          ]
        }
      ]
    },
    {
      "mode": "managed",
      "type": "google_secret_manager_secret_version",
      "name": "litellm_openai_api_keys_v1",
      "provider": "provider[\"registry.terraform.io/hashicorp/google\"]",
      "instances": [
        {
          "schema_version": 0,
          "attributes": {
            "create_time": "2025-06-20T00:22:16.364096Z",
            "deletion_policy": "DELETE",
            "destroy_time": "",
            "enabled": true,
            "id": "projects/948811015839/secrets/litellm-openai-api-keys/versions/1",
            "is_secret_data_base64": false,
            "name": "projects/948811015839/secrets/litellm-openai-api-keys/versions/1",
            "secret": "projects/alpine-figure-461007-i9/secrets/litellm-openai-api-keys",
            "secret_data": "{\"GOOGLE_API_KEY\":\"AIzaSyAqFlsPpDMXnwc8iJ-WmpAsaozY6AVR-sA\"}",
            "timeouts": null,
            "version": "1"
          },
          "sensitive_attributes": [
            [
              {
                "type": "get_attr",
                "value": "secret_data"
              }
            ]
          ],
          "identity_schema_version": 0,
          "private": "eyJlMmJmYjczMC1lY2FhLTExZTYtOGY4OC0zNDM2M2JjN2M0YzAiOnsiY3JlYXRlIjoxMjAwMDAwMDAwMDAwLCJkZWxldGUiOjEyMDAwMDAwMDAwMDAsInVwZGF0ZSI6MTIwMDAwMDAwMDAwMH19",
          "dependencies": [
            "google_secret_manager_secret.litellm_openai_api_keys"
          ]
        }
      ]
    },
    {
      "mode": "managed",
      "type": "google_secret_manager_secret_version",
      "name": "litellm_ui_credentials_v1",
      "provider": "provider[\"registry.terraform.io/hashicorp/google\"]",
      "instances": [
        {
          "schema_version": 0,
          "attributes": {
            "create_time": "2025-06-20T00:22:23.139662Z",
            "deletion_policy": "DELETE",
            "destroy_time": "",
            "enabled": true,
            "id": "projects/948811015839/secrets/litellm-ui-credentials/versions/1",
            "is_secret_data_base64": false,
            "name": "projects/948811015839/secrets/litellm-ui-credentials/versions/1",
            "secret": "projects/alpine-figure-461007-i9/secrets/litellm-ui-credentials",
            "secret_data": "{\"password\":\"admin123\",\"username\":\"admin\"}",
            "timeouts": null,
            "version": "1"
          },
          "sensitive_attributes": [
            [
              {
                "type": "get_attr",
                "value": "secret_data"
              }
            ]
          ],
          "identity_schema_version": 0,
          "private": "eyJlMmJmYjczMC1lY2FhLTExZTYtOGY4OC0zNDM2M2JjN2M0YzAiOnsiY3JlYXRlIjoxMjAwMDAwMDAwMDAwLCJkZWxldGUiOjEyMDAwMDAwMDAwMDAsInVwZGF0ZSI6MTIwMDAwMDAwMDAwMH19",
          "dependencies": [
            "google_secret_manager_secret.litellm_ui_credentials"
          ]
        }
      ]
    },
    {
      "mode": "managed",
      "type": "google_service_account",
      "name": "airflow_sa",
      "provider": "provider[\"registry.terraform.io/hashicorp/google\"]",
      "instances": [
        {
          "schema_version": 0,
          "attributes": {
            "account_id": "airflow-sa-crawl2insight",
            "create_ignore_already_exists": null,
            "description": "",
            "disabled": false,
            "display_name": "Service Account for Airflow",
            "email": "airflow-sa-crawl2insight@alpine-figure-461007-i9.iam.gserviceaccount.com",
            "id": "projects/alpine-figure-461007-i9/serviceAccounts/airflow-sa-crawl2insight@alpine-figure-461007-i9.iam.gserviceaccount.com",
            "member": "serviceAccount:airflow-sa-crawl2insight@alpine-figure-461007-i9.iam.gserviceaccount.com",
            "name": "projects/alpine-figure-461007-i9/serviceAccounts/airflow-sa-crawl2insight@alpine-figure-461007-i9.iam.gserviceaccount.com",
            "project": "alpine-figure-461007-i9",
            "timeouts": null,
            "unique_id": "117655186143432245168"
          },
          "sensitive_attributes": [],
          "identity_schema_version": 0,
          "private": "eyJlMmJmYjczMC1lY2FhLTExZTYtOGY4OC0zNDM2M2JjN2M0YzAiOnsiY3JlYXRlIjozMDAwMDAwMDAwMDB9fQ=="
        }
      ]
    },
    {
      "mode": "managed",
      "type": "google_service_account",
      "name": "eos_sa",
      "provider": "provider[\"registry.terraform.io/hashicorp/google\"]",
      "instances": [
        {
          "schema_version": 0,
          "attributes": {
            "account_id": "eos-sa-crawl2insight",
            "create_ignore_already_exists": null,
            "description": "",
            "disabled": false,
            "display_name": "Service Account for External Secrets Operator",
            "email": "eos-sa-crawl2insight@alpine-figure-461007-i9.iam.gserviceaccount.com",
            "id": "projects/alpine-figure-461007-i9/serviceAccounts/eos-sa-crawl2insight@alpine-figure-461007-i9.iam.gserviceaccount.com",
            "member": "serviceAccount:eos-sa-crawl2insight@alpine-figure-461007-i9.iam.gserviceaccount.com",
            "name": "projects/alpine-figure-461007-i9/serviceAccounts/eos-sa-crawl2insight@alpine-figure-461007-i9.iam.gserviceaccount.com",
            "project": "alpine-figure-461007-i9",
            "timeouts": null,
            "unique_id": "107784038089641389395"
          },
          "sensitive_attributes": [],
          "identity_schema_version": 0,
          "private": "eyJlMmJmYjczMC1lY2FhLTExZTYtOGY4OC0zNDM2M2JjN2M0YzAiOnsiY3JlYXRlIjozMDAwMDAwMDAwMDB9fQ=="
        }
      ]
    },
    {
      "mode": "managed",
      "type": "google_service_account",
      "name": "fastapi_app_sa",
      "provider": "provider[\"registry.terraform.io/hashicorp/google\"]",
      "instances": [
        {
          "schema_version": 0,
          "attributes": {
            "account_id": "fastapi-app-sa-crawl2insight",
            "create_ignore_already_exists": null,
            "description": "",
            "disabled": false,
            "display_name": "Service Account for FastAPI Backend Application",
            "email": "fastapi-app-sa-crawl2insight@alpine-figure-461007-i9.iam.gserviceaccount.com",
            "id": "projects/alpine-figure-461007-i9/serviceAccounts/fastapi-app-sa-crawl2insight@alpine-figure-461007-i9.iam.gserviceaccount.com",
            "member": "serviceAccount:fastapi-app-sa-crawl2insight@alpine-figure-461007-i9.iam.gserviceaccount.com",
            "name": "projects/alpine-figure-461007-i9/serviceAccounts/fastapi-app-sa-crawl2insight@alpine-figure-461007-i9.iam.gserviceaccount.com",
            "project": "alpine-figure-461007-i9",
            "timeouts": null,
            "unique_id": "106088808513351784704"
          },
          "sensitive_attributes": [],
          "identity_schema_version": 0,
          "private": "eyJlMmJmYjczMC1lY2FhLTExZTYtOGY4OC0zNDM2M2JjN2M0YzAiOnsiY3JlYXRlIjozMDAwMDAwMDAwMDB9fQ=="
        }
      ]
    },
    {
      "mode": "managed",
      "type": "google_service_account",
      "name": "github_runner_sa",
      "provider": "provider[\"registry.terraform.io/hashicorp/google\"]",
      "instances": [
        {
          "schema_version": 0,
          "attributes": {
            "account_id": "github-runner-sa",
            "create_ignore_already_exists": null,
            "description": "",
            "disabled": false,
            "display_name": "Service Account for GitHub Actions Runner",
            "email": "github-runner-sa@alpine-figure-461007-i9.iam.gserviceaccount.com",
            "id": "projects/alpine-figure-461007-i9/serviceAccounts/github-runner-sa@alpine-figure-461007-i9.iam.gserviceaccount.com",
            "member": "serviceAccount:github-runner-sa@alpine-figure-461007-i9.iam.gserviceaccount.com",
            "name": "projects/alpine-figure-461007-i9/serviceAccounts/github-runner-sa@alpine-figure-461007-i9.iam.gserviceaccount.com",
            "project": "alpine-figure-461007-i9",
            "timeouts": null,
            "unique_id": "104327221690237227115"
          },
          "sensitive_attributes": [],
          "identity_schema_version": 0,
          "private": "eyJlMmJmYjczMC1lY2FhLTExZTYtOGY4OC0zNDM2M2JjN2M0YzAiOnsiY3JlYXRlIjozMDAwMDAwMDAwMDB9fQ=="
        }
      ]
    },
    {
      "mode": "managed",
      "type": "google_service_account",
      "name": "gitsync_ssh_key",
      "provider": "provider[\"registry.terraform.io/hashicorp/google\"]",
      "instances": [
        {
          "schema_version": 0,
          "attributes": {
            "account_id": "gitsync-ssh-key",
            "create_ignore_already_exists": null,
            "description": "",
            "disabled": false,
            "display_name": "Service Account for GitSync SSH Key",
            "email": "gitsync-ssh-key@alpine-figure-461007-i9.iam.gserviceaccount.com",
            "id": "projects/alpine-figure-461007-i9/serviceAccounts/gitsync-ssh-key@alpine-figure-461007-i9.iam.gserviceaccount.com",
            "member": "serviceAccount:gitsync-ssh-key@alpine-figure-461007-i9.iam.gserviceaccount.com",
            "name": "projects/alpine-figure-461007-i9/serviceAccounts/gitsync-ssh-key@alpine-figure-461007-i9.iam.gserviceaccount.com",
            "project": "alpine-figure-461007-i9",
            "timeouts": null,
            "unique_id": "103198915340752600405"
          },
          "sensitive_attributes": [],
          "identity_schema_version": 0,
          "private": "eyJlMmJmYjczMC1lY2FhLTExZTYtOGY4OC0zNDM2M2JjN2M0YzAiOnsiY3JlYXRlIjozMDAwMDAwMDAwMDB9fQ=="
        }
      ]
    },
    {
      "mode": "managed",
      "type": "google_service_account",
      "name": "gke_node_sa",
      "provider": "provider[\"registry.terraform.io/hashicorp/google\"]",
      "instances": [
        {
          "schema_version": 0,
          "attributes": {
            "account_id": "gke-node-sa",
            "create_ignore_already_exists": null,
            "description": "",
            "disabled": false,
            "display_name": "Service Account for Crawl2Insight GKE Nodes",
            "email": "gke-node-sa@alpine-figure-461007-i9.iam.gserviceaccount.com",
            "id": "projects/alpine-figure-461007-i9/serviceAccounts/gke-node-sa@alpine-figure-461007-i9.iam.gserviceaccount.com",
            "member": "serviceAccount:gke-node-sa@alpine-figure-461007-i9.iam.gserviceaccount.com",
            "name": "projects/alpine-figure-461007-i9/serviceAccounts/gke-node-sa@alpine-figure-461007-i9.iam.gserviceaccount.com",
            "project": "alpine-figure-461007-i9",
            "timeouts": null,
            "unique_id": "100969356503932158863"
          },
          "sensitive_attributes": [],
          "identity_schema_version": 0,
          "private": "eyJlMmJmYjczMC1lY2FhLTExZTYtOGY4OC0zNDM2M2JjN2M0YzAiOnsiY3JlYXRlIjozMDAwMDAwMDAwMDB9fQ=="
        }
      ]
    },
    {
      "mode": "managed",
      "type": "google_service_account",
      "name": "litellm_sa",
      "provider": "provider[\"registry.terraform.io/hashicorp/google\"]",
      "instances": [
        {
          "schema_version": 0,
          "attributes": {
            "account_id": "litellm-sa-crawl2insight",
            "create_ignore_already_exists": null,
            "description": "",
            "disabled": false,
            "display_name": "Service Account for LiteLLM",
            "email": "litellm-sa-crawl2insight@alpine-figure-461007-i9.iam.gserviceaccount.com",
            "id": "projects/alpine-figure-461007-i9/serviceAccounts/litellm-sa-crawl2insight@alpine-figure-461007-i9.iam.gserviceaccount.com",
            "member": "serviceAccount:litellm-sa-crawl2insight@alpine-figure-461007-i9.iam.gserviceaccount.com",
            "name": "projects/alpine-figure-461007-i9/serviceAccounts/litellm-sa-crawl2insight@alpine-figure-461007-i9.iam.gserviceaccount.com",
            "project": "alpine-figure-461007-i9",
            "timeouts": null,
            "unique_id": "109309763876921761120"
          },
          "sensitive_attributes": [],
          "identity_schema_version": 0,
          "private": "eyJlMmJmYjczMC1lY2FhLTExZTYtOGY4OC0zNDM2M2JjN2M0YzAiOnsiY3JlYXRlIjozMDAwMDAwMDAwMDB9fQ=="
        }
      ]
    },
    {
      "mode": "managed",
      "type": "google_service_account_iam_member",
      "name": "airflow_workload_binding",
      "provider": "provider[\"registry.terraform.io/hashicorp/google\"]",
      "instances": [
        {
          "schema_version": 0,
          "attributes": {
            "condition": [],
            "etag": "BwY39d91PBY=",
            "id": "projects/alpine-figure-461007-i9/serviceAccounts/airflow-sa-crawl2insight@alpine-figure-461007-i9.iam.gserviceaccount.com/roles/iam.workloadIdentityUser/serviceAccount:alpine-figure-461007-i9.svc.id.goog[airflow/airflow-ksa]",
            "member": "serviceAccount:alpine-figure-461007-i9.svc.id.goog[airflow/airflow-ksa]",
            "role": "roles/iam.workloadIdentityUser",
            "service_account_id": "projects/alpine-figure-461007-i9/serviceAccounts/airflow-sa-crawl2insight@alpine-figure-461007-i9.iam.gserviceaccount.com"
          },
          "sensitive_attributes": [],
          "identity_schema_version": 0,
          "private": "bnVsbA==",
          "dependencies": [
            "google_service_account.airflow_sa"
          ]
        }
      ]
    },
    {
      "mode": "managed",
      "type": "google_service_account_iam_member",
      "name": "eos_workload_binding",
      "provider": "provider[\"registry.terraform.io/hashicorp/google\"]",
      "instances": [
        {
          "schema_version": 0,
          "attributes": {
            "condition": [],
            "etag": "BwY39dsDCPQ=",
            "id": "projects/alpine-figure-461007-i9/serviceAccounts/eos-sa-crawl2insight@alpine-figure-461007-i9.iam.gserviceaccount.com/roles/iam.workloadIdentityUser/serviceAccount:alpine-figure-461007-i9.svc.id.goog[external-secrets/eos-ksa]",
            "member": "serviceAccount:alpine-figure-461007-i9.svc.id.goog[external-secrets/eos-ksa]",
            "role": "roles/iam.workloadIdentityUser",
            "service_account_id": "projects/alpine-figure-461007-i9/serviceAccounts/eos-sa-crawl2insight@alpine-figure-461007-i9.iam.gserviceaccount.com"
          },
          "sensitive_attributes": [],
          "identity_schema_version": 0,
          "private": "bnVsbA==",
          "dependencies": [
            "google_service_account.eos_sa"
          ]
        }
      ]
    },
    {
      "mode": "managed",
      "type": "google_service_account_iam_member",
      "name": "fastapi_workload_binding",
      "provider": "provider[\"registry.terraform.io/hashicorp/google\"]",
      "instances": [
        {
          "schema_version": 0,
          "attributes": {
            "condition": [],
            "etag": "BwY39dtVd9k=",
            "id": "projects/alpine-figure-461007-i9/serviceAccounts/fastapi-app-sa-crawl2insight@alpine-figure-461007-i9.iam.gserviceaccount.com/roles/iam.workloadIdentityUser/serviceAccount:alpine-figure-461007-i9.svc.id.goog[application/fastapi-backend-ksa]",
            "member": "serviceAccount:alpine-figure-461007-i9.svc.id.goog[application/fastapi-backend-ksa]",
            "role": "roles/iam.workloadIdentityUser",
            "service_account_id": "projects/alpine-figure-461007-i9/serviceAccounts/fastapi-app-sa-crawl2insight@alpine-figure-461007-i9.iam.gserviceaccount.com"
          },
          "sensitive_attributes": [],
          "identity_schema_version": 0,
          "private": "bnVsbA==",
          "dependencies": [
            "google_service_account.fastapi_app_sa"
          ]
        }
      ]
    },
    {
      "mode": "managed",
      "type": "google_service_account_iam_member",
      "name": "litellm_workload_binding",
      "provider": "provider[\"registry.terraform.io/hashicorp/google\"]",
      "instances": [
        {
          "schema_version": 0,
          "attributes": {
            "condition": [],
            "etag": "BwY39dsKwzQ=",
            "id": "projects/alpine-figure-461007-i9/serviceAccounts/litellm-sa-crawl2insight@alpine-figure-461007-i9.iam.gserviceaccount.com/roles/iam.workloadIdentityUser/serviceAccount:alpine-figure-461007-i9.svc.id.goog[platform-services/litellm-ksa]",
            "member": "serviceAccount:alpine-figure-461007-i9.svc.id.goog[platform-services/litellm-ksa]",
            "role": "roles/iam.workloadIdentityUser",
            "service_account_id": "projects/alpine-figure-461007-i9/serviceAccounts/litellm-sa-crawl2insight@alpine-figure-461007-i9.iam.gserviceaccount.com"
          },
          "sensitive_attributes": [],
          "identity_schema_version": 0,
          "private": "bnVsbA==",
          "dependencies": [
            "google_service_account.litellm_sa"
          ]
        }
      ]
    },
    {
      "mode": "managed",
      "type": "google_storage_bucket_iam_member",
      "name": "airflow_log_access",
      "provider": "provider[\"registry.terraform.io/hashicorp/google\"]",
      "instances": [
        {
          "schema_version": 0,
          "attributes": {
            "bucket": "b/airflow-logs-tinhnv-gke",
            "condition": [],
            "etag": "CAc=",
            "id": "b/airflow-logs-tinhnv-gke/roles/storage.objectAdmin/serviceAccount:airflow-sa-crawl2insight@alpine-figure-461007-i9.iam.gserviceaccount.com",
            "member": "serviceAccount:airflow-sa-crawl2insight@alpine-figure-461007-i9.iam.gserviceaccount.com",
            "role": "roles/storage.objectAdmin"
          },
          "sensitive_attributes": [],
          "identity_schema_version": 0,
          "private": "bnVsbA==",
          "dependencies": [
            "google_service_account.airflow_sa"
          ]
        }
      ]
    },
    {
      "mode": "managed",
      "type": "kubernetes_namespace",
      "name": "airflow_ns",
      "provider": "provider[\"registry.terraform.io/hashicorp/kubernetes\"]",
      "instances": [
        {
          "schema_version": 0,
          "attributes": {
            "id": "airflow",
            "metadata": [
              {
                "annotations": null,
                "generate_name": "",
                "generation": 0,
                "labels": null,
                "name": "airflow",
                "resource_version": "1750379777158399005",
                "uid": "750b3549-b789-4616-83d0-85511271348a"
              }
            ],
            "timeouts": null,
            "wait_for_default_service_account": false
          },
          "sensitive_attributes": [],
          "identity_schema_version": 0,
          "private": "eyJlMmJmYjczMC1lY2FhLTExZTYtOGY4OC0zNDM2M2JjN2M0YzAiOnsiZGVsZXRlIjozMDAwMDAwMDAwMDB9fQ==",
          "dependencies": [
            "data.google_client_config.default",
            "data.google_container_cluster.primary",
            "google_container_cluster.primary"
          ]
        }
      ]
    },
    {
      "mode": "managed",
      "type": "kubernetes_namespace",
      "name": "platform_services_ns",
      "provider": "provider[\"registry.terraform.io/hashicorp/kubernetes\"]",
      "instances": [
        {
          "schema_version": 0,
          "attributes": {
            "id": "platform-services",
            "metadata": [
              {
                "annotations": null,
                "generate_name": "",
                "generation": 0,
                "labels": null,
                "name": "platform-services",
                "resource_version": "1750379777158415006",
                "uid": "91c998c2-a5a2-43da-9985-98158d908715"
              }
            ],
            "timeouts": null,
            "wait_for_default_service_account": false
          },
          "sensitive_attributes": [],
          "identity_schema_version": 0,
          "private": "eyJlMmJmYjczMC1lY2FhLTExZTYtOGY4OC0zNDM2M2JjN2M0YzAiOnsiZGVsZXRlIjozMDAwMDAwMDAwMDB9fQ==",
          "dependencies": [
            "data.google_client_config.default",
            "data.google_container_cluster.primary",
            "google_container_cluster.primary"
          ]
        }
      ]
    },
    {
      "mode": "managed",
      "type": "kubernetes_namespace",
      "name": "secret_ns",
      "provider": "provider[\"registry.terraform.io/hashicorp/kubernetes\"]",
      "instances": [
        {
          "schema_version": 0,
          "attributes": {
            "id": "external-secrets",
            "metadata": [
              {
                "annotations": null,
                "generate_name": "",
                "generation": 0,
                "labels": null,
                "name": "external-secrets",
                "resource_version": "1750379777158447019",
                "uid": "ca1e31ff-6f40-479b-a649-b1da6883c889"
              }
            ],
            "timeouts": null,
            "wait_for_default_service_account": false
          },
          "sensitive_attributes": [],
          "identity_schema_version": 0,
          "private": "eyJlMmJmYjczMC1lY2FhLTExZTYtOGY4OC0zNDM2M2JjN2M0YzAiOnsiZGVsZXRlIjozMDAwMDAwMDAwMDB9fQ==",
          "dependencies": [
            "data.google_client_config.default",
            "data.google_container_cluster.primary",
            "google_container_cluster.primary"
          ]
        }
      ]
    },
    {
      "mode": "managed",
      "type": "kubernetes_service_account",
      "name": "airflow_ksa",
      "provider": "provider[\"registry.terraform.io/hashicorp/kubernetes\"]",
      "instances": [
        {
          "schema_version": 0,
          "attributes": {
            "automount_service_account_token": true,
            "default_secret_name": "",
            "id": "airflow/airflow-ksa",
            "image_pull_secret": [],
            "metadata": [
              {
                "annotations": {
                  "iam.gke.io/gcp-service-account": "airflow-sa-crawl2insight@alpine-figure-461007-i9.iam.gserviceaccount.com"
                },
                "generate_name": "",
                "generation": 0,
                "labels": null,
                "name": "airflow-ksa",
                "namespace": "airflow",
                "resource_version": "1750379777351743019",
                "uid": "98d8bee5-d404-469b-ab43-464dd2132bac"
              }
            ],
            "secret": [],
            "timeouts": null
          },
          "sensitive_attributes": [],
          "identity_schema_version": 0,
          "private": "eyJlMmJmYjczMC1lY2FhLTExZTYtOGY4OC0zNDM2M2JjN2M0YzAiOnsiY3JlYXRlIjozMDAwMDAwMDAwMH19",
          "dependencies": [
            "data.google_client_config.default",
            "data.google_container_cluster.primary",
            "google_container_cluster.primary",
            "google_service_account.airflow_sa",
            "kubernetes_namespace.airflow_ns"
          ]
        }
      ]
    },
    {
      "mode": "managed",
      "type": "kubernetes_service_account",
      "name": "eos_ksa",
      "provider": "provider[\"registry.terraform.io/hashicorp/kubernetes\"]",
      "instances": [
        {
          "schema_version": 0,
          "attributes": {
            "automount_service_account_token": true,
            "default_secret_name": "",
            "id": "external-secrets/eos-ksa",
            "image_pull_secret": [],
            "metadata": [
              {
                "annotations": {
                  "iam.gke.io/gcp-service-account": "eos-sa-crawl2insight@alpine-figure-461007-i9.iam.gserviceaccount.com"
                },
                "generate_name": "",
                "generation": 0,
                "labels": null,
                "name": "eos-ksa",
                "namespace": "external-secrets",
                "resource_version": "1750379777207871020",
                "uid": "2933530d-7b39-4483-bfe9-f2d666650f14"
              }
            ],
            "secret": [],
            "timeouts": null
          },
          "sensitive_attributes": [],
          "identity_schema_version": 0,
          "private": "eyJlMmJmYjczMC1lY2FhLTExZTYtOGY4OC0zNDM2M2JjN2M0YzAiOnsiY3JlYXRlIjozMDAwMDAwMDAwMH19",
          "dependencies": [
            "data.google_client_config.default",
            "data.google_container_cluster.primary",
            "google_container_cluster.primary",
            "google_service_account.eos_sa"
          ]
        }
      ]
    },
    {
      "mode": "managed",
      "type": "kubernetes_service_account",
      "name": "litellm_ksa",
      "provider": "provider[\"registry.terraform.io/hashicorp/kubernetes\"]",
      "instances": [
        {
          "schema_version": 0,
          "attributes": {
            "automount_service_account_token": true,
            "default_secret_name": "",
            "id": "platform-services/litellm-ksa",
            "image_pull_secret": [],
            "metadata": [
              {
                "annotations": {
                  "iam.gke.io/gcp-service-account": "litellm-sa-crawl2insight@alpine-figure-461007-i9.iam.gserviceaccount.com"
                },
                "generate_name": "",
                "generation": 0,
                "labels": null,
                "name": "litellm-ksa",
                "namespace": "platform-services",
                "resource_version": "1750379777357919005",
                "uid": "3250cbb7-7022-4784-a088-9587cb7c2b31"
              }
            ],
            "secret": [],
            "timeouts": null
          },
          "sensitive_attributes": [],
          "identity_schema_version": 0,
          "private": "eyJlMmJmYjczMC1lY2FhLTExZTYtOGY4OC0zNDM2M2JjN2M0YzAiOnsiY3JlYXRlIjozMDAwMDAwMDAwMH19",
          "dependencies": [
            "data.google_client_config.default",
            "data.google_container_cluster.primary",
            "google_container_cluster.primary",
            "google_service_account.litellm_sa",
            "kubernetes_namespace.platform_services_ns"
          ]
        }
      ]
    }
  ],
  "check_results": null
}
