dependencies:
- name: backend-chart
  repository: file://./charts/backend-chart
  version: 0.1.0
- name: frontend-chart
  repository: file://./charts/frontend-chart
  version: 0.1.0
digest: sha256:a524ab77a2223fd27ea8e57a4fb86a44d6d8d734614a9febf1cc5a0ee15d19d3
generated: "2025-06-20T08:25:18.6408827+07:00"
